// !$*UTF8*$!
{
	archiveVersion = 1;
	classes = {
	};
	objectVersion = 46;
	objects = {

/* Begin PBXBuildFile section */
		450A647116A9BA33007FD8D0 /* check-in@2x.png in Resources */ = {isa = PBXBuildFile; fileRef = 450A647016A9BA33007FD8D0 /* check-in@2x.png */; };
		450A647416A9BA43007FD8D0 /* gift@2x.png in Resources */ = {isa = PBXBuildFile; fileRef = 450A647316A9BA43007FD8D0 /* gift@2x.png */; };
		450A647616A9BA5B007FD8D0 /* myuo_id@2x.png in Resources */ = {isa = PBXBuildFile; fileRef = 450A647516A9BA5B007FD8D0 /* myuo_id@2x.png */; };
		450A647816A9BA67007FD8D0 /* qr_scanner@2x.png in Resources */ = {isa = PBXBuildFile; fileRef = 450A647716A9BA67007FD8D0 /* qr_scanner@2x.png */; };
		450A647A16A9BA78007FD8D0 /* to_do_list@2x.png in Resources */ = {isa = PBXBuildFile; fileRef = 450A647916A9BA78007FD8D0 /* to_do_list@2x.png */; };
		450A647C16A9BA83007FD8D0 /* uoleaders@2x.png in Resources */ = {isa = PBXBuildFile; fileRef = 450A647B16A9BA83007FD8D0 /* uoleaders@2x.png */; };
		45117F9116948BCD00448715 /* ChallengeDetailViewController.m in Sources */ = {isa = PBXBuildFile; fileRef = 45117F9016948BCD00448715 /* ChallengeDetailViewController.m */; };
		45117FB316977F7D00448715 /* profileHolderImg.png in Resources */ = {isa = PBXBuildFile; fileRef = 45117FB116977F7D00448715 /* profileHolderImg.png */; };
		45117FB416977F7D00448715 /* profileHolderImg@2x.png in Resources */ = {isa = PBXBuildFile; fileRef = 45117FB216977F7D00448715 /* profileHolderImg@2x.png */; };
		45118010169CC31600448715 /* cancelBtn.png in Resources */ = {isa = PBXBuildFile; fileRef = 4511800C169CC31600448715 /* cancelBtn.png */; };
		45118011169CC31600448715 /* cancelBtn@2x.png in Resources */ = {isa = PBXBuildFile; fileRef = 4511800D169CC31600448715 /* cancelBtn@2x.png */; };
		45118012169CC31600448715 /* selectBtn.png in Resources */ = {isa = PBXBuildFile; fileRef = 4511800E169CC31600448715 /* selectBtn.png */; };
		45118013169CC31600448715 /* selectBtn@2x.png in Resources */ = {isa = PBXBuildFile; fileRef = 4511800F169CC31600448715 /* selectBtn@2x.png */; };
		4511802B169E184E00448715 /* NavBarItemsViewController.m in Sources */ = {isa = PBXBuildFile; fileRef = 4511802A169E184E00448715 /* NavBarItemsViewController.m */; };
		4511802E169E1F3D00448715 /* UserData.m in Sources */ = {isa = PBXBuildFile; fileRef = 4511802D169E1F3D00448715 /* UserData.m */; };
		454FDFEE16A455370032E8EC /* UIFont+UrbanAdditions.m in Sources */ = {isa = PBXBuildFile; fileRef = 454FDFED16A455370032E8EC /* UIFont+UrbanAdditions.m */; };
		454FDFF516A455660032E8EC /* Icon-Small@2x.png in Resources */ = {isa = PBXBuildFile; fileRef = 454FDFF116A455660032E8EC /* Icon-Small@2x.png */; };
		454FDFF616A455660032E8EC /* Icon-Small.png in Resources */ = {isa = PBXBuildFile; fileRef = 454FDFF216A455660032E8EC /* Icon-Small.png */; };
		4566B74616BC6117005268B8 /* authBK@2x.png in Resources */ = {isa = PBXBuildFile; fileRef = 4566B74516BC6117005268B8 /* authBK@2x.png */; };
		4575AB9216A74CD7009A24B8 /* ShopPageViewController.m in Sources */ = {isa = PBXBuildFile; fileRef = 4575AB9116A74CD7009A24B8 /* ShopPageViewController.m */; };
		4575AB9816A7543C009A24B8 /* cartBtn@2x.png in Resources */ = {isa = PBXBuildFile; fileRef = 4575AB9716A7543C009A24B8 /* cartBtn@2x.png */; };
		4575ABA516A763B6009A24B8 /* apartmentPromo@2x.png in Resources */ = {isa = PBXBuildFile; fileRef = 4575ABA016A763B6009A24B8 /* apartmentPromo@2x.png */; };
		4575ABA616A763B6009A24B8 /* giftPromo@2x.png in Resources */ = {isa = PBXBuildFile; fileRef = 4575ABA116A763B6009A24B8 /* giftPromo@2x.png */; };
		4575ABA716A763B6009A24B8 /* mensPromo@2x.png in Resources */ = {isa = PBXBuildFile; fileRef = 4575ABA216A763B6009A24B8 /* mensPromo@2x.png */; };
		4575ABA816A763B6009A24B8 /* salePromo@2x.png in Resources */ = {isa = PBXBuildFile; fileRef = 4575ABA316A763B6009A24B8 /* salePromo@2x.png */; };
		4575ABA916A763B6009A24B8 /* womensPromo@2x.png in Resources */ = {isa = PBXBuildFile; fileRef = 4575ABA416A763B6009A24B8 /* womensPromo@2x.png */; };
		4575ABB316A83649009A24B8 /* ProfileViewController.m in Sources */ = {isa = PBXBuildFile; fileRef = 4575ABB216A83649009A24B8 /* ProfileViewController.m */; };
		4575ABC016A844F2009A24B8 /* StatusBackground@2x.png in Resources */ = {isa = PBXBuildFile; fileRef = 4575ABB816A844F2009A24B8 /* StatusBackground@2x.png */; };
		4575ABC116A844F2009A24B8 /* Background2@2x.png in Resources */ = {isa = PBXBuildFile; fileRef = 4575ABB916A844F2009A24B8 /* Background2@2x.png */; };
		4575ABC216A844F2009A24B8 /* Background3@2x.png in Resources */ = {isa = PBXBuildFile; fileRef = 4575ABBA16A844F2009A24B8 /* Background3@2x.png */; };
		4575ABC316A844F2009A24B8 /* CollegeBackground@2x.png in Resources */ = {isa = PBXBuildFile; fileRef = 4575ABBB16A844F2009A24B8 /* CollegeBackground@2x.png */; };
		4575ABC516A844F2009A24B8 /* Background4@2x.png in Resources */ = {isa = PBXBuildFile; fileRef = 4575ABBD16A844F2009A24B8 /* Background4@2x.png */; };
		4575ABC816A85059009A24B8 /* arrow@2x.png in Resources */ = {isa = PBXBuildFile; fileRef = 4575ABC716A85059009A24B8 /* arrow@2x.png */; };
		4575ABCB16A89A0F009A24B8 /* ProfileGraduateViewController.m in Sources */ = {isa = PBXBuildFile; fileRef = 4575ABCA16A89A0F009A24B8 /* ProfileGraduateViewController.m */; };
		4581BBE516769046006E185F /* menu_cell_bg.png in Resources */ = {isa = PBXBuildFile; fileRef = 4581BBE416769046006E185F /* menu_cell_bg.png */; };
		4581BBE71676904E006E185F /* menu_cell_bg@2x.png in Resources */ = {isa = PBXBuildFile; fileRef = 4581BBE61676904E006E185F /* menu_cell_bg@2x.png */; };
		4581BBFC1678DCD4006E185F /* ChallengesViewController.m in Sources */ = {isa = PBXBuildFile; fileRef = 4581BBFB1678DCD4006E185F /* ChallengesViewController.m */; };
		4581BC09167A3A70006E185F /* Challenges.plist in Resources */ = {isa = PBXBuildFile; fileRef = 4581BC08167A3A70006E185F /* Challenges.plist */; };
		4581BC13167B81F5006E185F /* ChallengeData.m in Sources */ = {isa = PBXBuildFile; fileRef = 4581BC12167B81F5006E185F /* ChallengeData.m */; };
		4586AC1716A607CB00CFF782 /* dropDownBG@2x.png in Resources */ = {isa = PBXBuildFile; fileRef = 4586AC1416A607CB00CFF782 /* dropDownBG@2x.png */; };
		4586AC1816A607CB00CFF782 /* friendsToggleBtn-selected@2x.png in Resources */ = {isa = PBXBuildFile; fileRef = 4586AC1516A607CB00CFF782 /* friendsToggleBtn-selected@2x.png */; };
		4586AC1916A607CB00CFF782 /* friendsToggleBtn@2x.png in Resources */ = {isa = PBXBuildFile; fileRef = 4586AC1616A607CB00CFF782 /* friendsToggleBtn@2x.png */; };
		4586AC1B16A6081300CFF782 /* Icon.png in Resources */ = {isa = PBXBuildFile; fileRef = 4586AC1A16A6081300CFF782 /* Icon.png */; };
		4586AC1D16A6082500CFF782 /* Icon@2x.png in Resources */ = {isa = PBXBuildFile; fileRef = 4586AC1C16A6082500CFF782 /* Icon@2x.png */; };
		458B843F166FED0C00E63FD3 /* Entypo-Social.otf in Resources */ = {isa = PBXBuildFile; fileRef = 458B843D166FED0C00E63FD3 /* Entypo-Social.otf */; };
		458B8440166FED0C00E63FD3 /* Entypo.otf in Resources */ = {isa = PBXBuildFile; fileRef = 458B843E166FED0C00E63FD3 /* Entypo.otf */; };
		458B8444166FEF2600E63FD3 /* MenuViewController.m in Sources */ = {isa = PBXBuildFile; fileRef = 458B8443166FEF2600E63FD3 /* MenuViewController.m */; };
		458B844E1671010400E63FD3 /* StatusViewController.m in Sources */ = {isa = PBXBuildFile; fileRef = 458B844D1671010400E63FD3 /* StatusViewController.m */; };
		458B84511671024500E63FD3 /* UIColor+ColorConstants.m in Sources */ = {isa = PBXBuildFile; fileRef = 458B84501671024500E63FD3 /* UIColor+ColorConstants.m */; };
		458B847016713FF700E63FD3 /* profile_img_none.png in Resources */ = {isa = PBXBuildFile; fileRef = 458B846C16713FF700E63FD3 /* profile_img_none.png */; };
		458B847116713FF700E63FD3 /* profile_img_none@2x.png in Resources */ = {isa = PBXBuildFile; fileRef = 458B846D16713FF700E63FD3 /* profile_img_none@2x.png */; };
		458E2555168E123D008E3196 /* LeaderboardViewController.m in Sources */ = {isa = PBXBuildFile; fileRef = 458E2554168E123D008E3196 /* LeaderboardViewController.m */; };
		45AF1CCA16BBFCBF008B0C38 /* badge_facebook@2x.png in Resources */ = {isa = PBXBuildFile; fileRef = 45AF1CC816BBFCBF008B0C38 /* badge_facebook@2x.png */; };
		45AF1CD016BC106C008B0C38 /* badge_basicsprofile@2x.png in Resources */ = {isa = PBXBuildFile; fileRef = 45AF1CCC16BC106C008B0C38 /* badge_basicsprofile@2x.png */; };
		45AF1CD116BC106C008B0C38 /* badge_college@2x.png in Resources */ = {isa = PBXBuildFile; fileRef = 45AF1CCD16BC106C008B0C38 /* badge_college@2x.png */; };
		45AF1CD216BC106C008B0C38 /* badge_download@2x.png in Resources */ = {isa = PBXBuildFile; fileRef = 45AF1CCE16BC106C008B0C38 /* badge_download@2x.png */; };
		45AF1CD716BC1306008B0C38 /* badge_uocheckin@2x.png in Resources */ = {isa = PBXBuildFile; fileRef = 45AF1CD616BC1306008B0C38 /* badge_uocheckin@2x.png */; };
		45AF1CD916BC1363008B0C38 /* badge_uocheckin.png in Resources */ = {isa = PBXBuildFile; fileRef = 45AF1CD816BC1363008B0C38 /* badge_uocheckin.png */; };
		45AF1CDD16BC152A008B0C38 /* badge_hotdog@2x.png in Resources */ = {isa = PBXBuildFile; fileRef = 45AF1CDA16BC152A008B0C38 /* badge_hotdog@2x.png */; };
		45AF1CDF16BC152A008B0C38 /* badge_share@2x.png in Resources */ = {isa = PBXBuildFile; fileRef = 45AF1CDC16BC152A008B0C38 /* badge_share@2x.png */; };
		45AF1CE216BC16E3008B0C38 /* badge_instagram.png in Resources */ = {isa = PBXBuildFile; fileRef = 45AF1CE016BC16E3008B0C38 /* badge_instagram.png */; };
		45AF1CE316BC16E3008B0C38 /* badge_instagram@2x.png in Resources */ = {isa = PBXBuildFile; fileRef = 45AF1CE116BC16E3008B0C38 /* badge_instagram@2x.png */; };
		45B2AC9316BC5C26000A82BF /* splashBK@2x.png in Resources */ = {isa = PBXBuildFile; fileRef = 45B2AC9216BC5C26000A82BF /* splashBK@2x.png */; };
		45B3A0BE16A45B0700BCAC35 /* navBarBackground@2x.png in Resources */ = {isa = PBXBuildFile; fileRef = 45B3A0BD16A45B0700BCAC35 /* navBarBackground@2x.png */; };
		45B3A0C516A45C9900BCAC35 /* Fipps-Regular.otf in Resources */ = {isa = PBXBuildFile; fileRef = 45B3A0BF16A45C9900BCAC35 /* Fipps-Regular.otf */; };
		45B3A0C616A45C9900BCAC35 /* LoRes9OT-WideBoldAltOakland.ttf in Resources */ = {isa = PBXBuildFile; fileRef = 45B3A0C016A45C9900BCAC35 /* LoRes9OT-WideBoldAltOakland.ttf */; };
		45B3A0C716A45C9900BCAC35 /* LoRes12OT-BoldAltOakland.ttf in Resources */ = {isa = PBXBuildFile; fileRef = 45B3A0C116A45C9900BCAC35 /* LoRes12OT-BoldAltOakland.ttf */; };
		45B3A0C816A45C9900BCAC35 /* LoRes15OT-BoldAltOakland.ttf in Resources */ = {isa = PBXBuildFile; fileRef = 45B3A0C216A45C9900BCAC35 /* LoRes15OT-BoldAltOakland.ttf */; };
		45B3A0C916A45C9900BCAC35 /* LoRes22OT-BoldOakland.ttf in Resources */ = {isa = PBXBuildFile; fileRef = 45B3A0C316A45C9900BCAC35 /* LoRes22OT-BoldOakland.ttf */; };
		45B3A0CA16A45C9900BCAC35 /* superscript.ttf in Resources */ = {isa = PBXBuildFile; fileRef = 45B3A0C416A45C9900BCAC35 /* superscript.ttf */; };
		45B3A0CC16A4690200BCAC35 /* menuBtn@2x.png in Resources */ = {isa = PBXBuildFile; fileRef = 45B3A0CB16A4690200BCAC35 /* menuBtn@2x.png */; };
		45B3A0CE16A46F8300BCAC35 /* refreshBtn@2x.png in Resources */ = {isa = PBXBuildFile; fileRef = 45B3A0CD16A46F8300BCAC35 /* refreshBtn@2x.png */; };
		45B3A0D016A477A200BCAC35 /* backBtn@2x.png in Resources */ = {isa = PBXBuildFile; fileRef = 45B3A0CF16A477A200BCAC35 /* backBtn@2x.png */; };
		45B3A0E116A47EE800BCAC35 /* BackgroundView.m in Sources */ = {isa = PBXBuildFile; fileRef = 45B3A0E016A47EE800BCAC35 /* BackgroundView.m */; };
		45B3A0F316A4B48F00BCAC35 /* availableBtn-selected@2x.png in Resources */ = {isa = PBXBuildFile; fileRef = 45B3A0ED16A4B48E00BCAC35 /* availableBtn-selected@2x.png */; };
		45B3A0F416A4B48F00BCAC35 /* availableBtn@2x.png in Resources */ = {isa = PBXBuildFile; fileRef = 45B3A0EE16A4B48E00BCAC35 /* availableBtn@2x.png */; };
		45B3A0F516A4B48F00BCAC35 /* completedBtn-selected@2x.png in Resources */ = {isa = PBXBuildFile; fileRef = 45B3A0EF16A4B48E00BCAC35 /* completedBtn-selected@2x.png */; };
		45B3A0F616A4B48F00BCAC35 /* completedBtn@2x.png in Resources */ = {isa = PBXBuildFile; fileRef = 45B3A0F016A4B48E00BCAC35 /* completedBtn@2x.png */; };
		45B3A0F716A4B48F00BCAC35 /* currentBtn-selected@2x.png in Resources */ = {isa = PBXBuildFile; fileRef = 45B3A0F116A4B48E00BCAC35 /* currentBtn-selected@2x.png */; };
		45B3A0F816A4B48F00BCAC35 /* currentBtn@2x.png in Resources */ = {isa = PBXBuildFile; fileRef = 45B3A0F216A4B48E00BCAC35 /* currentBtn@2x.png */; };
		45B3A10116A5B04B00BCAC35 /* checkin@2x.png in Resources */ = {isa = PBXBuildFile; fileRef = 45B3A0FA16A5B04B00BCAC35 /* checkin@2x.png */; };
		45B3A10216A5B04B00BCAC35 /* facebook@2x.png in Resources */ = {isa = PBXBuildFile; fileRef = 45B3A0FB16A5B04B00BCAC35 /* facebook@2x.png */; };
		45B3A10316A5B04B00BCAC35 /* heart@2x.png in Resources */ = {isa = PBXBuildFile; fileRef = 45B3A0FC16A5B04B00BCAC35 /* heart@2x.png */; };
		45B3A10416A5B04B00BCAC35 /* music@2x.png in Resources */ = {isa = PBXBuildFile; fileRef = 45B3A0FD16A5B04B00BCAC35 /* music@2x.png */; };
		45B3A10516A5B04B00BCAC35 /* profile@2x.png in Resources */ = {isa = PBXBuildFile; fileRef = 45B3A0FE16A5B04B00BCAC35 /* profile@2x.png */; };
		45B3A10616A5B04B00BCAC35 /* review@2x.png in Resources */ = {isa = PBXBuildFile; fileRef = 45B3A0FF16A5B04B00BCAC35 /* review@2x.png */; };
		45B3A10716A5B04B00BCAC35 /* twitter@2x.png in Resources */ = {isa = PBXBuildFile; fileRef = 45B3A10016A5B04B00BCAC35 /* twitter@2x.png */; };
		45B3A10916A5F71D00BCAC35 /* instagram@2x.png in Resources */ = {isa = PBXBuildFile; fileRef = 45B3A10816A5F71D00BCAC35 /* instagram@2x.png */; };
		45B9768E16C169190071540C /* badge_checkin@2x.png in Resources */ = {isa = PBXBuildFile; fileRef = 45B9768D16C169190071540C /* badge_checkin@2x.png */; };
		45B9769016C16B3C0071540C /* badge_default@2x.png in Resources */ = {isa = PBXBuildFile; fileRef = 45B9768F16C16B3C0071540C /* badge_default@2x.png */; };
		45BD70E216BAF2A9001C2C11 /* badge_543@2x.png in Resources */ = {isa = PBXBuildFile; fileRef = 45BD70DA16BAF2A9001C2C11 /* badge_543@2x.png */; };
		45BD70E316BAF2A9001C2C11 /* badge_alien@2x.png in Resources */ = {isa = PBXBuildFile; fileRef = 45BD70DB16BAF2A9001C2C11 /* badge_alien@2x.png */; };
		45BD70E416BAF2A9001C2C11 /* badge_b14@2x.png in Resources */ = {isa = PBXBuildFile; fileRef = 45BD70DC16BAF2A9001C2C11 /* badge_b14@2x.png */; };
		45BD70E816BAF2A9001C2C11 /* badge_profile@2x.png in Resources */ = {isa = PBXBuildFile; fileRef = 45BD70E016BAF2A9001C2C11 /* badge_profile@2x.png */; };
		45BD70E916BAF2A9001C2C11 /* badge_skull@2x.png in Resources */ = {isa = PBXBuildFile; fileRef = 45BD70E116BAF2A9001C2C11 /* badge_skull@2x.png */; };
		45BD70ED16BB201F001C2C11 /* badge_twitter@2x.png in Resources */ = {isa = PBXBuildFile; fileRef = 45BD70EB16BB201F001C2C11 /* badge_twitter@2x.png */; };
		45BD9785166FE34C00C0695B /* UIKit.framework in Frameworks */ = {isa = PBXBuildFile; fileRef = 45BD9784166FE34C00C0695B /* UIKit.framework */; };
		45BD9787166FE34C00C0695B /* Foundation.framework in Frameworks */ = {isa = PBXBuildFile; fileRef = 45BD9786166FE34C00C0695B /* Foundation.framework */; };
		45BD9789166FE34C00C0695B /* CoreGraphics.framework in Frameworks */ = {isa = PBXBuildFile; fileRef = 45BD9788166FE34C00C0695B /* CoreGraphics.framework */; };
		45BD978F166FE34C00C0695B /* InfoPlist.strings in Resources */ = {isa = PBXBuildFile; fileRef = 45BD978D166FE34C00C0695B /* InfoPlist.strings */; };
		45BD9791166FE34C00C0695B /* main.m in Sources */ = {isa = PBXBuildFile; fileRef = 45BD9790166FE34C00C0695B /* main.m */; };
		45BD9795166FE34C00C0695B /* AppDelegate.m in Sources */ = {isa = PBXBuildFile; fileRef = 45BD9794166FE34C00C0695B /* AppDelegate.m */; };
		45BD9797166FE34C00C0695B /* Default.png in Resources */ = {isa = PBXBuildFile; fileRef = 45BD9796166FE34C00C0695B /* Default.png */; };
		45BD9799166FE34C00C0695B /* Default@2x.png in Resources */ = {isa = PBXBuildFile; fileRef = 45BD9798166FE34C00C0695B /* Default@2x.png */; };
		45BD979B166FE34C00C0695B /* Default-568h@2x.png in Resources */ = {isa = PBXBuildFile; fileRef = 45BD979A166FE34C00C0695B /* Default-568h@2x.png */; };
		45BD979E166FE34C00C0695B /* ViewController.m in Sources */ = {isa = PBXBuildFile; fileRef = 45BD979D166FE34C00C0695B /* ViewController.m */; };
		45C5AEEC16B9762000646BE6 /* AuthenticateViewController.m in Sources */ = {isa = PBXBuildFile; fileRef = 45C5AEEB16B9762000646BE6 /* AuthenticateViewController.m */; };
		45C5AEEE16B9A9A700646BE6 /* SplashBackground@2x.png in Resources */ = {isa = PBXBuildFile; fileRef = 45C5AEED16B9A9A700646BE6 /* SplashBackground@2x.png */; };
		45C5AEF016B9A9E300646BE6 /* Background1@2x.png in Resources */ = {isa = PBXBuildFile; fileRef = 45C5AEEF16B9A9E300646BE6 /* Background1@2x.png */; };
		45C6455D16A9C1BF00F15A95 /* dropDownBGResizable@2x.png in Resources */ = {isa = PBXBuildFile; fileRef = 45C6455C16A9C1BF00F15A95 /* dropDownBGResizable@2x.png */; };
		45C9867416B71066002ABA32 /* Twitter.framework in Frameworks */ = {isa = PBXBuildFile; fileRef = 45C9867216B71042002ABA32 /* Twitter.framework */; };
		45C9867A16B86AD3002ABA32 /* SignInViewController.m in Sources */ = {isa = PBXBuildFile; fileRef = 45C9867916B86AD3002ABA32 /* SignInViewController.m */; };
		45CD020216A74456002D69E1 /* apartment@2x.png in Resources */ = {isa = PBXBuildFile; fileRef = 45CD01FE16A74456002D69E1 /* apartment@2x.png */; };
		45CD020316A74456002D69E1 /* mens@2x.png in Resources */ = {isa = PBXBuildFile; fileRef = 45CD01FF16A74456002D69E1 /* mens@2x.png */; };
		45CD020416A74456002D69E1 /* sale@2x.png in Resources */ = {isa = PBXBuildFile; fileRef = 45CD020016A74456002D69E1 /* sale@2x.png */; };
		45CD020516A74456002D69E1 /* womens@2x.png in Resources */ = {isa = PBXBuildFile; fileRef = 45CD020116A74456002D69E1 /* womens@2x.png */; };
		45CFFAE816AD94EF00D3170D /* ProfileShareViewController.m in Sources */ = {isa = PBXBuildFile; fileRef = 45CFFAE716AD94EF00D3170D /* ProfileShareViewController.m */; };
		45CFFB0416ADC93900D3170D /* switch-thumb@2x.png in Resources */ = {isa = PBXBuildFile; fileRef = 45CFFB0216ADC93900D3170D /* switch-thumb@2x.png */; };
		45CFFB0516ADC93900D3170D /* switch-track@2x.png in Resources */ = {isa = PBXBuildFile; fileRef = 45CFFB0316ADC93900D3170D /* switch-track@2x.png */; };
		45CFFB0A16ADCF7200D3170D /* switch-mask@2x.png in Resources */ = {isa = PBXBuildFile; fileRef = 45CFFB0716ADCF7200D3170D /* switch-mask@2x.png */; };
		45CFFB0B16ADCF7200D3170D /* switch-overlay@2x.png in Resources */ = {isa = PBXBuildFile; fileRef = 45CFFB0816ADCF7200D3170D /* switch-overlay@2x.png */; };
		45CFFB0C16ADCF7200D3170D /* switch-thumb-highlight@2x.png in Resources */ = {isa = PBXBuildFile; fileRef = 45CFFB0916ADCF7200D3170D /* switch-thumb-highlight@2x.png */; };
		45CFFB0F16ADD82900D3170D /* Social.framework in Frameworks */ = {isa = PBXBuildFile; fileRef = 45CFFB0D16ADD78200D3170D /* Social.framework */; };
		45CFFB1216ADE25D00D3170D /* Accounts.framework in Frameworks */ = {isa = PBXBuildFile; fileRef = 45CFFB1016ADE24C00D3170D /* Accounts.framework */; };
		45CFFB1B16AF1F3100D3170D /* IDViewController.m in Sources */ = {isa = PBXBuildFile; fileRef = 45CFFB1A16AF1F3000D3170D /* IDViewController.m */; };
		45CFFB2816AF227700D3170D /* myuoid_alien@2x.png in Resources */ = {isa = PBXBuildFile; fileRef = 45CFFB2416AF227700D3170D /* myuoid_alien@2x.png */; };
		45CFFB2916AF227700D3170D /* myuoid_hamburger@2x.png in Resources */ = {isa = PBXBuildFile; fileRef = 45CFFB2516AF227700D3170D /* myuoid_hamburger@2x.png */; };
		45CFFB2A16AF227700D3170D /* myuoid_lips@2x.png in Resources */ = {isa = PBXBuildFile; fileRef = 45CFFB2616AF227700D3170D /* myuoid_lips@2x.png */; };
		45CFFB2B16AF227700D3170D /* myuoid_skull@2x.png in Resources */ = {isa = PBXBuildFile; fileRef = 45CFFB2716AF227700D3170D /* myuoid_skull@2x.png */; };
		45CFFB3516B089FE00D3170D /* CheckInViewController.m in Sources */ = {isa = PBXBuildFile; fileRef = 45CFFB3416B089FD00D3170D /* CheckInViewController.m */; };
		45CFFB3716B1B2CE00D3170D /* foursquare@2x.png in Resources */ = {isa = PBXBuildFile; fileRef = 45CFFB3616B1B2CE00D3170D /* foursquare@2x.png */; };
		45CFFB3916B1B98600D3170D /* arrow_right@2x.png in Resources */ = {isa = PBXBuildFile; fileRef = 45CFFB3816B1B98600D3170D /* arrow_right@2x.png */; };
		45CFFB5916B1DA8400D3170D /* VenueListViewController.m in Sources */ = {isa = PBXBuildFile; fileRef = 45CFFB5816B1DA8400D3170D /* VenueListViewController.m */; };
		45CFFB5C16B2EE1C00D3170D /* share_facebookBtn@2x.png in Resources */ = {isa = PBXBuildFile; fileRef = 45CFFB5B16B2EE1C00D3170D /* share_facebookBtn@2x.png */; };
		45CFFB6016B2F3C200D3170D /* share_facebookBtn_selected@2x.png in Resources */ = {isa = PBXBuildFile; fileRef = 45CFFB5D16B2F3C200D3170D /* share_facebookBtn_selected@2x.png */; };
		45CFFB6116B2F3C200D3170D /* share_twitterBtn_selected@2x.png in Resources */ = {isa = PBXBuildFile; fileRef = 45CFFB5E16B2F3C200D3170D /* share_twitterBtn_selected@2x.png */; };
		45CFFB6216B2F3C200D3170D /* share_twitterBtn@2x.png in Resources */ = {isa = PBXBuildFile; fileRef = 45CFFB5F16B2F3C200D3170D /* share_twitterBtn@2x.png */; };
		8676143316A8E4B7001B7394 /* radioBtn-selected@2x.png in Resources */ = {isa = PBXBuildFile; fileRef = 8676143116A8E4B7001B7394 /* radioBtn-selected@2x.png */; };
		8676143416A8E4B7001B7394 /* radioBtn@2x.png in Resources */ = {isa = PBXBuildFile; fileRef = 8676143216A8E4B7001B7394 /* radioBtn@2x.png */; };
		8676143916A8E714001B7394 /* myuo_profile@2x.png in Resources */ = {isa = PBXBuildFile; fileRef = 8676143716A8E714001B7394 /* myuo_profile@2x.png */; };
		8676143B16A8E734001B7394 /* music_player@2x.png in Resources */ = {isa = PBXBuildFile; fileRef = 8676143A16A8E734001B7394 /* music_player@2x.png */; };
		8676143D16A8EB90001B7394 /* myuo_status@2x.png in Resources */ = {isa = PBXBuildFile; fileRef = 8676143C16A8EB90001B7394 /* myuo_status@2x.png */; };
		8676143F16A8F474001B7394 /* store_locator@2x.png in Resources */ = {isa = PBXBuildFile; fileRef = 8676143E16A8F474001B7394 /* store_locator@2x.png */; };
		A5EA0CB68FAC415A9476ACC3 /* libPods.a in Frameworks */ = {isa = PBXBuildFile; fileRef = D8D20549D61B4509B5F0B030 /* libPods.a */; };
/* End PBXBuildFile section */

/* Begin PBXFileReference section */
		0DD7CD31E2064E308DDFEE19 /* Pods.xcconfig */ = {isa = PBXFileReference; includeInIndex = 1; lastKnownFileType = text.xcconfig; name = Pods.xcconfig; path = Pods/Pods.xcconfig; sourceTree = SOURCE_ROOT; };
		450A647016A9BA33007FD8D0 /* check-in@2x.png */ = {isa = PBXFileReference; lastKnownFileType = image.png; path = "check-in@2x.png"; sourceTree = "<group>"; };
		450A647316A9BA43007FD8D0 /* gift@2x.png */ = {isa = PBXFileReference; lastKnownFileType = image.png; path = "gift@2x.png"; sourceTree = "<group>"; };
		450A647516A9BA5B007FD8D0 /* myuo_id@2x.png */ = {isa = PBXFileReference; lastKnownFileType = image.png; path = "myuo_id@2x.png"; sourceTree = "<group>"; };
		450A647716A9BA67007FD8D0 /* qr_scanner@2x.png */ = {isa = PBXFileReference; lastKnownFileType = image.png; path = "qr_scanner@2x.png"; sourceTree = "<group>"; };
		450A647916A9BA78007FD8D0 /* to_do_list@2x.png */ = {isa = PBXFileReference; lastKnownFileType = image.png; path = "to_do_list@2x.png"; sourceTree = "<group>"; };
		450A647B16A9BA83007FD8D0 /* uoleaders@2x.png */ = {isa = PBXFileReference; lastKnownFileType = image.png; path = "uoleaders@2x.png"; sourceTree = "<group>"; };
		45117F8F16948BCD00448715 /* ChallengeDetailViewController.h */ = {isa = PBXFileReference; fileEncoding = 4; lastKnownFileType = sourcecode.c.h; path = ChallengeDetailViewController.h; sourceTree = "<group>"; };
		45117F9016948BCD00448715 /* ChallengeDetailViewController.m */ = {isa = PBXFileReference; fileEncoding = 4; lastKnownFileType = sourcecode.c.objc; path = ChallengeDetailViewController.m; sourceTree = "<group>"; };
		45117FB116977F7D00448715 /* profileHolderImg.png */ = {isa = PBXFileReference; lastKnownFileType = image.png; path = profileHolderImg.png; sourceTree = "<group>"; };
		45117FB216977F7D00448715 /* profileHolderImg@2x.png */ = {isa = PBXFileReference; lastKnownFileType = image.png; path = "profileHolderImg@2x.png"; sourceTree = "<group>"; };
		4511800C169CC31600448715 /* cancelBtn.png */ = {isa = PBXFileReference; lastKnownFileType = image.png; path = cancelBtn.png; sourceTree = "<group>"; };
		4511800D169CC31600448715 /* cancelBtn@2x.png */ = {isa = PBXFileReference; lastKnownFileType = image.png; path = "cancelBtn@2x.png"; sourceTree = "<group>"; };
		4511800E169CC31600448715 /* selectBtn.png */ = {isa = PBXFileReference; lastKnownFileType = image.png; path = selectBtn.png; sourceTree = "<group>"; };
		4511800F169CC31600448715 /* selectBtn@2x.png */ = {isa = PBXFileReference; lastKnownFileType = image.png; path = "selectBtn@2x.png"; sourceTree = "<group>"; };
		45118029169E184E00448715 /* NavBarItemsViewController.h */ = {isa = PBXFileReference; fileEncoding = 4; lastKnownFileType = sourcecode.c.h; path = NavBarItemsViewController.h; sourceTree = "<group>"; };
		4511802A169E184E00448715 /* NavBarItemsViewController.m */ = {isa = PBXFileReference; fileEncoding = 4; lastKnownFileType = sourcecode.c.objc; path = NavBarItemsViewController.m; sourceTree = "<group>"; };
		4511802C169E1F3D00448715 /* UserData.h */ = {isa = PBXFileReference; fileEncoding = 4; lastKnownFileType = sourcecode.c.h; path = UserData.h; sourceTree = "<group>"; };
		4511802D169E1F3D00448715 /* UserData.m */ = {isa = PBXFileReference; fileEncoding = 4; lastKnownFileType = sourcecode.c.objc; path = UserData.m; sourceTree = "<group>"; };
		454FDFEC16A455370032E8EC /* UIFont+UrbanAdditions.h */ = {isa = PBXFileReference; fileEncoding = 4; lastKnownFileType = sourcecode.c.h; path = "UIFont+UrbanAdditions.h"; sourceTree = "<group>"; };
		454FDFED16A455370032E8EC /* UIFont+UrbanAdditions.m */ = {isa = PBXFileReference; fileEncoding = 4; lastKnownFileType = sourcecode.c.objc; path = "UIFont+UrbanAdditions.m"; sourceTree = "<group>"; };
		454FDFF116A455660032E8EC /* Icon-Small@2x.png */ = {isa = PBXFileReference; lastKnownFileType = image.png; path = "Icon-Small@2x.png"; sourceTree = "<group>"; };
		454FDFF216A455660032E8EC /* Icon-Small.png */ = {isa = PBXFileReference; lastKnownFileType = image.png; path = "Icon-Small.png"; sourceTree = "<group>"; };
		4566B74516BC6117005268B8 /* authBK@2x.png */ = {isa = PBXFileReference; lastKnownFileType = image.png; path = "authBK@2x.png"; sourceTree = "<group>"; };
		4575AB9016A74CD7009A24B8 /* ShopPageViewController.h */ = {isa = PBXFileReference; fileEncoding = 4; lastKnownFileType = sourcecode.c.h; path = ShopPageViewController.h; sourceTree = "<group>"; };
		4575AB9116A74CD7009A24B8 /* ShopPageViewController.m */ = {isa = PBXFileReference; fileEncoding = 4; lastKnownFileType = sourcecode.c.objc; path = ShopPageViewController.m; sourceTree = "<group>"; };
		4575AB9716A7543C009A24B8 /* cartBtn@2x.png */ = {isa = PBXFileReference; lastKnownFileType = image.png; path = "cartBtn@2x.png"; sourceTree = "<group>"; };
		4575ABA016A763B6009A24B8 /* apartmentPromo@2x.png */ = {isa = PBXFileReference; lastKnownFileType = image.png; path = "apartmentPromo@2x.png"; sourceTree = "<group>"; };
		4575ABA116A763B6009A24B8 /* giftPromo@2x.png */ = {isa = PBXFileReference; lastKnownFileType = image.png; path = "giftPromo@2x.png"; sourceTree = "<group>"; };
		4575ABA216A763B6009A24B8 /* mensPromo@2x.png */ = {isa = PBXFileReference; lastKnownFileType = image.png; path = "mensPromo@2x.png"; sourceTree = "<group>"; };
		4575ABA316A763B6009A24B8 /* salePromo@2x.png */ = {isa = PBXFileReference; lastKnownFileType = image.png; path = "salePromo@2x.png"; sourceTree = "<group>"; };
		4575ABA416A763B6009A24B8 /* womensPromo@2x.png */ = {isa = PBXFileReference; lastKnownFileType = image.png; path = "womensPromo@2x.png"; sourceTree = "<group>"; };
		4575ABB116A83649009A24B8 /* ProfileViewController.h */ = {isa = PBXFileReference; fileEncoding = 4; lastKnownFileType = sourcecode.c.h; path = ProfileViewController.h; sourceTree = "<group>"; };
		4575ABB216A83649009A24B8 /* ProfileViewController.m */ = {isa = PBXFileReference; fileEncoding = 4; lastKnownFileType = sourcecode.c.objc; path = ProfileViewController.m; sourceTree = "<group>"; };
		4575ABB816A844F2009A24B8 /* StatusBackground@2x.png */ = {isa = PBXFileReference; lastKnownFileType = image.png; path = "StatusBackground@2x.png"; sourceTree = "<group>"; };
		4575ABB916A844F2009A24B8 /* Background2@2x.png */ = {isa = PBXFileReference; lastKnownFileType = image.png; path = "Background2@2x.png"; sourceTree = "<group>"; };
		4575ABBA16A844F2009A24B8 /* Background3@2x.png */ = {isa = PBXFileReference; lastKnownFileType = image.png; path = "Background3@2x.png"; sourceTree = "<group>"; };
		4575ABBB16A844F2009A24B8 /* CollegeBackground@2x.png */ = {isa = PBXFileReference; lastKnownFileType = image.png; path = "CollegeBackground@2x.png"; sourceTree = "<group>"; };
		4575ABBD16A844F2009A24B8 /* Background4@2x.png */ = {isa = PBXFileReference; lastKnownFileType = image.png; path = "Background4@2x.png"; sourceTree = "<group>"; };
		4575ABC716A85059009A24B8 /* arrow@2x.png */ = {isa = PBXFileReference; lastKnownFileType = image.png; path = "arrow@2x.png"; sourceTree = "<group>"; };
		4575ABC916A89A0F009A24B8 /* ProfileGraduateViewController.h */ = {isa = PBXFileReference; fileEncoding = 4; lastKnownFileType = sourcecode.c.h; path = ProfileGraduateViewController.h; sourceTree = "<group>"; };
		4575ABCA16A89A0F009A24B8 /* ProfileGraduateViewController.m */ = {isa = PBXFileReference; fileEncoding = 4; lastKnownFileType = sourcecode.c.objc; path = ProfileGraduateViewController.m; sourceTree = "<group>"; };
		4581BBE416769046006E185F /* menu_cell_bg.png */ = {isa = PBXFileReference; lastKnownFileType = image.png; path = menu_cell_bg.png; sourceTree = "<group>"; };
		4581BBE61676904E006E185F /* menu_cell_bg@2x.png */ = {isa = PBXFileReference; lastKnownFileType = image.png; path = "menu_cell_bg@2x.png"; sourceTree = "<group>"; };
		4581BBFA1678DCD4006E185F /* ChallengesViewController.h */ = {isa = PBXFileReference; fileEncoding = 4; lastKnownFileType = sourcecode.c.h; path = ChallengesViewController.h; sourceTree = "<group>"; };
		4581BBFB1678DCD4006E185F /* ChallengesViewController.m */ = {isa = PBXFileReference; fileEncoding = 4; lastKnownFileType = sourcecode.c.objc; path = ChallengesViewController.m; sourceTree = "<group>"; };
		4581BC08167A3A70006E185F /* Challenges.plist */ = {isa = PBXFileReference; fileEncoding = 4; lastKnownFileType = text.plist.xml; path = Challenges.plist; sourceTree = "<group>"; };
		4581BC11167B81F5006E185F /* ChallengeData.h */ = {isa = PBXFileReference; fileEncoding = 4; lastKnownFileType = sourcecode.c.h; path = ChallengeData.h; sourceTree = "<group>"; };
		4581BC12167B81F5006E185F /* ChallengeData.m */ = {isa = PBXFileReference; fileEncoding = 4; lastKnownFileType = sourcecode.c.objc; path = ChallengeData.m; sourceTree = "<group>"; };
		4586AC1416A607CB00CFF782 /* dropDownBG@2x.png */ = {isa = PBXFileReference; lastKnownFileType = image.png; path = "dropDownBG@2x.png"; sourceTree = "<group>"; };
		4586AC1516A607CB00CFF782 /* friendsToggleBtn-selected@2x.png */ = {isa = PBXFileReference; lastKnownFileType = image.png; path = "friendsToggleBtn-selected@2x.png"; sourceTree = "<group>"; };
		4586AC1616A607CB00CFF782 /* friendsToggleBtn@2x.png */ = {isa = PBXFileReference; lastKnownFileType = image.png; path = "friendsToggleBtn@2x.png"; sourceTree = "<group>"; };
		4586AC1A16A6081300CFF782 /* Icon.png */ = {isa = PBXFileReference; lastKnownFileType = image.png; name = Icon.png; path = ../Icon.png; sourceTree = "<group>"; };
		4586AC1C16A6082500CFF782 /* Icon@2x.png */ = {isa = PBXFileReference; lastKnownFileType = image.png; name = "Icon@2x.png"; path = "../Icon@2x.png"; sourceTree = "<group>"; };
		458B843D166FED0C00E63FD3 /* Entypo-Social.otf */ = {isa = PBXFileReference; lastKnownFileType = file; path = "Entypo-Social.otf"; sourceTree = "<group>"; };
		458B843E166FED0C00E63FD3 /* Entypo.otf */ = {isa = PBXFileReference; lastKnownFileType = file; path = Entypo.otf; sourceTree = "<group>"; };
		458B8442166FEF2600E63FD3 /* MenuViewController.h */ = {isa = PBXFileReference; fileEncoding = 4; lastKnownFileType = sourcecode.c.h; path = MenuViewController.h; sourceTree = "<group>"; };
		458B8443166FEF2600E63FD3 /* MenuViewController.m */ = {isa = PBXFileReference; fileEncoding = 4; lastKnownFileType = sourcecode.c.objc; path = MenuViewController.m; sourceTree = "<group>"; };
		458B844C1671010400E63FD3 /* StatusViewController.h */ = {isa = PBXFileReference; fileEncoding = 4; lastKnownFileType = sourcecode.c.h; path = StatusViewController.h; sourceTree = "<group>"; };
		458B844D1671010400E63FD3 /* StatusViewController.m */ = {isa = PBXFileReference; fileEncoding = 4; lastKnownFileType = sourcecode.c.objc; path = StatusViewController.m; sourceTree = "<group>"; };
		458B844F1671024500E63FD3 /* UIColor+ColorConstants.h */ = {isa = PBXFileReference; fileEncoding = 4; lastKnownFileType = sourcecode.c.h; path = "UIColor+ColorConstants.h"; sourceTree = "<group>"; };
		458B84501671024500E63FD3 /* UIColor+ColorConstants.m */ = {isa = PBXFileReference; fileEncoding = 4; lastKnownFileType = sourcecode.c.objc; path = "UIColor+ColorConstants.m"; sourceTree = "<group>"; };
		458B846C16713FF700E63FD3 /* profile_img_none.png */ = {isa = PBXFileReference; lastKnownFileType = image.png; path = profile_img_none.png; sourceTree = "<group>"; };
		458B846D16713FF700E63FD3 /* profile_img_none@2x.png */ = {isa = PBXFileReference; lastKnownFileType = image.png; path = "profile_img_none@2x.png"; sourceTree = "<group>"; };
		458E2553168E123D008E3196 /* LeaderboardViewController.h */ = {isa = PBXFileReference; fileEncoding = 4; lastKnownFileType = sourcecode.c.h; path = LeaderboardViewController.h; sourceTree = "<group>"; };
		458E2554168E123D008E3196 /* LeaderboardViewController.m */ = {isa = PBXFileReference; fileEncoding = 4; lastKnownFileType = sourcecode.c.objc; path = LeaderboardViewController.m; sourceTree = "<group>"; };
		45AF1CC816BBFCBF008B0C38 /* badge_facebook@2x.png */ = {isa = PBXFileReference; lastKnownFileType = image.png; path = "badge_facebook@2x.png"; sourceTree = "<group>"; };
		45AF1CCC16BC106C008B0C38 /* badge_basicsprofile@2x.png */ = {isa = PBXFileReference; lastKnownFileType = image.png; path = "badge_basicsprofile@2x.png"; sourceTree = "<group>"; };
		45AF1CCD16BC106C008B0C38 /* badge_college@2x.png */ = {isa = PBXFileReference; lastKnownFileType = image.png; path = "badge_college@2x.png"; sourceTree = "<group>"; };
		45AF1CCE16BC106C008B0C38 /* badge_download@2x.png */ = {isa = PBXFileReference; lastKnownFileType = image.png; path = "badge_download@2x.png"; sourceTree = "<group>"; };
		45AF1CD616BC1306008B0C38 /* badge_uocheckin@2x.png */ = {isa = PBXFileReference; lastKnownFileType = image.png; path = "badge_uocheckin@2x.png"; sourceTree = "<group>"; };
		45AF1CD816BC1363008B0C38 /* badge_uocheckin.png */ = {isa = PBXFileReference; lastKnownFileType = image.png; path = badge_uocheckin.png; sourceTree = "<group>"; };
		45AF1CDA16BC152A008B0C38 /* badge_hotdog@2x.png */ = {isa = PBXFileReference; lastKnownFileType = image.png; path = "badge_hotdog@2x.png"; sourceTree = "<group>"; };
		45AF1CDC16BC152A008B0C38 /* badge_share@2x.png */ = {isa = PBXFileReference; lastKnownFileType = image.png; path = "badge_share@2x.png"; sourceTree = "<group>"; };
		45AF1CE016BC16E3008B0C38 /* badge_instagram.png */ = {isa = PBXFileReference; lastKnownFileType = image.png; path = badge_instagram.png; sourceTree = "<group>"; };
		45AF1CE116BC16E3008B0C38 /* badge_instagram@2x.png */ = {isa = PBXFileReference; lastKnownFileType = image.png; path = "badge_instagram@2x.png"; sourceTree = "<group>"; };
		45B2AC9216BC5C26000A82BF /* splashBK@2x.png */ = {isa = PBXFileReference; lastKnownFileType = image.png; path = "splashBK@2x.png"; sourceTree = "<group>"; };
		45B3A0BD16A45B0700BCAC35 /* navBarBackground@2x.png */ = {isa = PBXFileReference; lastKnownFileType = image.png; path = "navBarBackground@2x.png"; sourceTree = "<group>"; };
		45B3A0BF16A45C9900BCAC35 /* Fipps-Regular.otf */ = {isa = PBXFileReference; lastKnownFileType = file; path = "Fipps-Regular.otf"; sourceTree = "<group>"; };
		45B3A0C016A45C9900BCAC35 /* LoRes9OT-WideBoldAltOakland.ttf */ = {isa = PBXFileReference; lastKnownFileType = file; path = "LoRes9OT-WideBoldAltOakland.ttf"; sourceTree = "<group>"; };
		45B3A0C116A45C9900BCAC35 /* LoRes12OT-BoldAltOakland.ttf */ = {isa = PBXFileReference; lastKnownFileType = file; path = "LoRes12OT-BoldAltOakland.ttf"; sourceTree = "<group>"; };
		45B3A0C216A45C9900BCAC35 /* LoRes15OT-BoldAltOakland.ttf */ = {isa = PBXFileReference; lastKnownFileType = file; path = "LoRes15OT-BoldAltOakland.ttf"; sourceTree = "<group>"; };
		45B3A0C316A45C9900BCAC35 /* LoRes22OT-BoldOakland.ttf */ = {isa = PBXFileReference; lastKnownFileType = file; path = "LoRes22OT-BoldOakland.ttf"; sourceTree = "<group>"; };
		45B3A0C416A45C9900BCAC35 /* superscript.ttf */ = {isa = PBXFileReference; lastKnownFileType = file; path = superscript.ttf; sourceTree = "<group>"; };
		45B3A0CB16A4690200BCAC35 /* menuBtn@2x.png */ = {isa = PBXFileReference; lastKnownFileType = image.png; path = "menuBtn@2x.png"; sourceTree = "<group>"; };
		45B3A0CD16A46F8300BCAC35 /* refreshBtn@2x.png */ = {isa = PBXFileReference; lastKnownFileType = image.png; path = "refreshBtn@2x.png"; sourceTree = "<group>"; };
		45B3A0CF16A477A200BCAC35 /* backBtn@2x.png */ = {isa = PBXFileReference; lastKnownFileType = image.png; path = "backBtn@2x.png"; sourceTree = "<group>"; };
		45B3A0DF16A47EE800BCAC35 /* BackgroundView.h */ = {isa = PBXFileReference; fileEncoding = 4; lastKnownFileType = sourcecode.c.h; path = BackgroundView.h; sourceTree = "<group>"; };
		45B3A0E016A47EE800BCAC35 /* BackgroundView.m */ = {isa = PBXFileReference; fileEncoding = 4; lastKnownFileType = sourcecode.c.objc; path = BackgroundView.m; sourceTree = "<group>"; };
		45B3A0ED16A4B48E00BCAC35 /* availableBtn-selected@2x.png */ = {isa = PBXFileReference; lastKnownFileType = image.png; path = "availableBtn-selected@2x.png"; sourceTree = "<group>"; };
		45B3A0EE16A4B48E00BCAC35 /* availableBtn@2x.png */ = {isa = PBXFileReference; lastKnownFileType = image.png; path = "availableBtn@2x.png"; sourceTree = "<group>"; };
		45B3A0EF16A4B48E00BCAC35 /* completedBtn-selected@2x.png */ = {isa = PBXFileReference; lastKnownFileType = image.png; path = "completedBtn-selected@2x.png"; sourceTree = "<group>"; };
		45B3A0F016A4B48E00BCAC35 /* completedBtn@2x.png */ = {isa = PBXFileReference; lastKnownFileType = image.png; path = "completedBtn@2x.png"; sourceTree = "<group>"; };
		45B3A0F116A4B48E00BCAC35 /* currentBtn-selected@2x.png */ = {isa = PBXFileReference; lastKnownFileType = image.png; path = "currentBtn-selected@2x.png"; sourceTree = "<group>"; };
		45B3A0F216A4B48E00BCAC35 /* currentBtn@2x.png */ = {isa = PBXFileReference; lastKnownFileType = image.png; path = "currentBtn@2x.png"; sourceTree = "<group>"; };
		45B3A0FA16A5B04B00BCAC35 /* checkin@2x.png */ = {isa = PBXFileReference; lastKnownFileType = image.png; path = "checkin@2x.png"; sourceTree = "<group>"; };
		45B3A0FB16A5B04B00BCAC35 /* facebook@2x.png */ = {isa = PBXFileReference; lastKnownFileType = image.png; path = "facebook@2x.png"; sourceTree = "<group>"; };
		45B3A0FC16A5B04B00BCAC35 /* heart@2x.png */ = {isa = PBXFileReference; lastKnownFileType = image.png; path = "heart@2x.png"; sourceTree = "<group>"; };
		45B3A0FD16A5B04B00BCAC35 /* music@2x.png */ = {isa = PBXFileReference; lastKnownFileType = image.png; path = "music@2x.png"; sourceTree = "<group>"; };
		45B3A0FE16A5B04B00BCAC35 /* profile@2x.png */ = {isa = PBXFileReference; lastKnownFileType = image.png; path = "profile@2x.png"; sourceTree = "<group>"; };
		45B3A0FF16A5B04B00BCAC35 /* review@2x.png */ = {isa = PBXFileReference; lastKnownFileType = image.png; path = "review@2x.png"; sourceTree = "<group>"; };
		45B3A10016A5B04B00BCAC35 /* twitter@2x.png */ = {isa = PBXFileReference; lastKnownFileType = image.png; path = "twitter@2x.png"; sourceTree = "<group>"; };
		45B3A10816A5F71D00BCAC35 /* instagram@2x.png */ = {isa = PBXFileReference; lastKnownFileType = image.png; path = "instagram@2x.png"; sourceTree = "<group>"; };
		45B9768D16C169190071540C /* badge_checkin@2x.png */ = {isa = PBXFileReference; lastKnownFileType = image.png; path = "badge_checkin@2x.png"; sourceTree = "<group>"; };
		45B9768F16C16B3C0071540C /* badge_default@2x.png */ = {isa = PBXFileReference; lastKnownFileType = image.png; path = "badge_default@2x.png"; sourceTree = "<group>"; };
		45BD70DA16BAF2A9001C2C11 /* badge_543@2x.png */ = {isa = PBXFileReference; lastKnownFileType = image.png; path = "badge_543@2x.png"; sourceTree = "<group>"; };
		45BD70DB16BAF2A9001C2C11 /* badge_alien@2x.png */ = {isa = PBXFileReference; lastKnownFileType = image.png; path = "badge_alien@2x.png"; sourceTree = "<group>"; };
		45BD70DC16BAF2A9001C2C11 /* badge_b14@2x.png */ = {isa = PBXFileReference; lastKnownFileType = image.png; path = "badge_b14@2x.png"; sourceTree = "<group>"; };
		45BD70E016BAF2A9001C2C11 /* badge_profile@2x.png */ = {isa = PBXFileReference; lastKnownFileType = image.png; path = "badge_profile@2x.png"; sourceTree = "<group>"; };
		45BD70E116BAF2A9001C2C11 /* badge_skull@2x.png */ = {isa = PBXFileReference; lastKnownFileType = image.png; path = "badge_skull@2x.png"; sourceTree = "<group>"; };
		45BD70EB16BB201F001C2C11 /* badge_twitter@2x.png */ = {isa = PBXFileReference; lastKnownFileType = image.png; path = "badge_twitter@2x.png"; sourceTree = "<group>"; };
		45BD9780166FE34C00C0695B /* LoyaltyPrototype.app */ = {isa = PBXFileReference; explicitFileType = wrapper.application; includeInIndex = 0; path = LoyaltyPrototype.app; sourceTree = BUILT_PRODUCTS_DIR; };
		45BD9784166FE34C00C0695B /* UIKit.framework */ = {isa = PBXFileReference; includeInIndex = 1; lastKnownFileType = wrapper.framework; name = UIKit.framework; path = System/Library/Frameworks/UIKit.framework; sourceTree = SDKROOT; };
		45BD9786166FE34C00C0695B /* Foundation.framework */ = {isa = PBXFileReference; includeInIndex = 1; lastKnownFileType = wrapper.framework; name = Foundation.framework; path = System/Library/Frameworks/Foundation.framework; sourceTree = SDKROOT; };
		45BD9788166FE34C00C0695B /* CoreGraphics.framework */ = {isa = PBXFileReference; includeInIndex = 1; lastKnownFileType = wrapper.framework; name = CoreGraphics.framework; path = System/Library/Frameworks/CoreGraphics.framework; sourceTree = SDKROOT; };
		45BD978C166FE34C00C0695B /* LoyaltyPrototype-Info.plist */ = {isa = PBXFileReference; lastKnownFileType = text.plist.xml; path = "LoyaltyPrototype-Info.plist"; sourceTree = "<group>"; };
		45BD978E166FE34C00C0695B /* en */ = {isa = PBXFileReference; lastKnownFileType = text.plist.strings; name = en; path = en.lproj/InfoPlist.strings; sourceTree = "<group>"; };
		45BD9790166FE34C00C0695B /* main.m */ = {isa = PBXFileReference; lastKnownFileType = sourcecode.c.objc; path = main.m; sourceTree = "<group>"; };
		45BD9792166FE34C00C0695B /* LoyaltyPrototype-Prefix.pch */ = {isa = PBXFileReference; lastKnownFileType = sourcecode.c.h; path = "LoyaltyPrototype-Prefix.pch"; sourceTree = "<group>"; };
		45BD9793166FE34C00C0695B /* AppDelegate.h */ = {isa = PBXFileReference; lastKnownFileType = sourcecode.c.h; path = AppDelegate.h; sourceTree = "<group>"; };
		45BD9794166FE34C00C0695B /* AppDelegate.m */ = {isa = PBXFileReference; lastKnownFileType = sourcecode.c.objc; path = AppDelegate.m; sourceTree = "<group>"; };
		45BD9796166FE34C00C0695B /* Default.png */ = {isa = PBXFileReference; lastKnownFileType = image.png; path = Default.png; sourceTree = "<group>"; };
		45BD9798166FE34C00C0695B /* Default@2x.png */ = {isa = PBXFileReference; lastKnownFileType = image.png; path = "Default@2x.png"; sourceTree = "<group>"; };
		45BD979A166FE34C00C0695B /* Default-568h@2x.png */ = {isa = PBXFileReference; lastKnownFileType = image.png; path = "Default-568h@2x.png"; sourceTree = "<group>"; };
		45BD979C166FE34C00C0695B /* ViewController.h */ = {isa = PBXFileReference; lastKnownFileType = sourcecode.c.h; path = ViewController.h; sourceTree = "<group>"; };
		45BD979D166FE34C00C0695B /* ViewController.m */ = {isa = PBXFileReference; lastKnownFileType = sourcecode.c.objc; path = ViewController.m; sourceTree = "<group>"; };
		45C5AEEA16B9762000646BE6 /* AuthenticateViewController.h */ = {isa = PBXFileReference; fileEncoding = 4; lastKnownFileType = sourcecode.c.h; path = AuthenticateViewController.h; sourceTree = "<group>"; };
		45C5AEEB16B9762000646BE6 /* AuthenticateViewController.m */ = {isa = PBXFileReference; fileEncoding = 4; lastKnownFileType = sourcecode.c.objc; path = AuthenticateViewController.m; sourceTree = "<group>"; };
		45C5AEED16B9A9A700646BE6 /* SplashBackground@2x.png */ = {isa = PBXFileReference; lastKnownFileType = image.png; path = "SplashBackground@2x.png"; sourceTree = "<group>"; };
		45C5AEEF16B9A9E300646BE6 /* Background1@2x.png */ = {isa = PBXFileReference; lastKnownFileType = image.png; path = "Background1@2x.png"; sourceTree = "<group>"; };
		45C6455C16A9C1BF00F15A95 /* dropDownBGResizable@2x.png */ = {isa = PBXFileReference; lastKnownFileType = image.png; path = "dropDownBGResizable@2x.png"; sourceTree = "<group>"; };
		45C9867216B71042002ABA32 /* Twitter.framework */ = {isa = PBXFileReference; lastKnownFileType = wrapper.framework; name = Twitter.framework; path = System/Library/Frameworks/Twitter.framework; sourceTree = SDKROOT; };
		45C9867816B86AD2002ABA32 /* SignInViewController.h */ = {isa = PBXFileReference; fileEncoding = 4; lastKnownFileType = sourcecode.c.h; path = SignInViewController.h; sourceTree = "<group>"; };
		45C9867916B86AD3002ABA32 /* SignInViewController.m */ = {isa = PBXFileReference; fileEncoding = 4; lastKnownFileType = sourcecode.c.objc; path = SignInViewController.m; sourceTree = "<group>"; };
		45CD01FE16A74456002D69E1 /* apartment@2x.png */ = {isa = PBXFileReference; lastKnownFileType = image.png; path = "apartment@2x.png"; sourceTree = "<group>"; };
		45CD01FF16A74456002D69E1 /* mens@2x.png */ = {isa = PBXFileReference; lastKnownFileType = image.png; path = "mens@2x.png"; sourceTree = "<group>"; };
		45CD020016A74456002D69E1 /* sale@2x.png */ = {isa = PBXFileReference; lastKnownFileType = image.png; path = "sale@2x.png"; sourceTree = "<group>"; };
		45CD020116A74456002D69E1 /* womens@2x.png */ = {isa = PBXFileReference; lastKnownFileType = image.png; path = "womens@2x.png"; sourceTree = "<group>"; };
		45CFFAE616AD94EF00D3170D /* ProfileShareViewController.h */ = {isa = PBXFileReference; fileEncoding = 4; lastKnownFileType = sourcecode.c.h; path = ProfileShareViewController.h; sourceTree = "<group>"; };
		45CFFAE716AD94EF00D3170D /* ProfileShareViewController.m */ = {isa = PBXFileReference; fileEncoding = 4; lastKnownFileType = sourcecode.c.objc; path = ProfileShareViewController.m; sourceTree = "<group>"; };
		45CFFB0216ADC93900D3170D /* switch-thumb@2x.png */ = {isa = PBXFileReference; lastKnownFileType = image.png; path = "switch-thumb@2x.png"; sourceTree = "<group>"; };
		45CFFB0316ADC93900D3170D /* switch-track@2x.png */ = {isa = PBXFileReference; lastKnownFileType = image.png; path = "switch-track@2x.png"; sourceTree = "<group>"; };
		45CFFB0716ADCF7200D3170D /* switch-mask@2x.png */ = {isa = PBXFileReference; lastKnownFileType = image.png; path = "switch-mask@2x.png"; sourceTree = "<group>"; };
		45CFFB0816ADCF7200D3170D /* switch-overlay@2x.png */ = {isa = PBXFileReference; lastKnownFileType = image.png; path = "switch-overlay@2x.png"; sourceTree = "<group>"; };
		45CFFB0916ADCF7200D3170D /* switch-thumb-highlight@2x.png */ = {isa = PBXFileReference; lastKnownFileType = image.png; path = "switch-thumb-highlight@2x.png"; sourceTree = "<group>"; };
		45CFFB0D16ADD78200D3170D /* Social.framework */ = {isa = PBXFileReference; lastKnownFileType = wrapper.framework; name = Social.framework; path = System/Library/Frameworks/Social.framework; sourceTree = SDKROOT; };
		45CFFB1016ADE24C00D3170D /* Accounts.framework */ = {isa = PBXFileReference; lastKnownFileType = wrapper.framework; name = Accounts.framework; path = System/Library/Frameworks/Accounts.framework; sourceTree = SDKROOT; };
		45CFFB1916AF1F3000D3170D /* IDViewController.h */ = {isa = PBXFileReference; fileEncoding = 4; lastKnownFileType = sourcecode.c.h; path = IDViewController.h; sourceTree = "<group>"; };
		45CFFB1A16AF1F3000D3170D /* IDViewController.m */ = {isa = PBXFileReference; fileEncoding = 4; lastKnownFileType = sourcecode.c.objc; path = IDViewController.m; sourceTree = "<group>"; };
		45CFFB2416AF227700D3170D /* myuoid_alien@2x.png */ = {isa = PBXFileReference; lastKnownFileType = image.png; path = "myuoid_alien@2x.png"; sourceTree = "<group>"; };
		45CFFB2516AF227700D3170D /* myuoid_hamburger@2x.png */ = {isa = PBXFileReference; lastKnownFileType = image.png; path = "myuoid_hamburger@2x.png"; sourceTree = "<group>"; };
		45CFFB2616AF227700D3170D /* myuoid_lips@2x.png */ = {isa = PBXFileReference; lastKnownFileType = image.png; path = "myuoid_lips@2x.png"; sourceTree = "<group>"; };
		45CFFB2716AF227700D3170D /* myuoid_skull@2x.png */ = {isa = PBXFileReference; lastKnownFileType = image.png; path = "myuoid_skull@2x.png"; sourceTree = "<group>"; };
		45CFFB3316B089FD00D3170D /* CheckInViewController.h */ = {isa = PBXFileReference; fileEncoding = 4; lastKnownFileType = sourcecode.c.h; path = CheckInViewController.h; sourceTree = "<group>"; };
		45CFFB3416B089FD00D3170D /* CheckInViewController.m */ = {isa = PBXFileReference; fileEncoding = 4; lastKnownFileType = sourcecode.c.objc; path = CheckInViewController.m; sourceTree = "<group>"; };
		45CFFB3616B1B2CE00D3170D /* foursquare@2x.png */ = {isa = PBXFileReference; lastKnownFileType = image.png; path = "foursquare@2x.png"; sourceTree = "<group>"; };
		45CFFB3816B1B98600D3170D /* arrow_right@2x.png */ = {isa = PBXFileReference; lastKnownFileType = image.png; path = "arrow_right@2x.png"; sourceTree = "<group>"; };
		45CFFB5716B1DA8400D3170D /* VenueListViewController.h */ = {isa = PBXFileReference; fileEncoding = 4; lastKnownFileType = sourcecode.c.h; path = VenueListViewController.h; sourceTree = "<group>"; };
		45CFFB5816B1DA8400D3170D /* VenueListViewController.m */ = {isa = PBXFileReference; fileEncoding = 4; lastKnownFileType = sourcecode.c.objc; path = VenueListViewController.m; sourceTree = "<group>"; };
		45CFFB5B16B2EE1C00D3170D /* share_facebookBtn@2x.png */ = {isa = PBXFileReference; lastKnownFileType = image.png; path = "share_facebookBtn@2x.png"; sourceTree = "<group>"; };
		45CFFB5D16B2F3C200D3170D /* share_facebookBtn_selected@2x.png */ = {isa = PBXFileReference; lastKnownFileType = image.png; path = "share_facebookBtn_selected@2x.png"; sourceTree = "<group>"; };
		45CFFB5E16B2F3C200D3170D /* share_twitterBtn_selected@2x.png */ = {isa = PBXFileReference; lastKnownFileType = image.png; path = "share_twitterBtn_selected@2x.png"; sourceTree = "<group>"; };
		45CFFB5F16B2F3C200D3170D /* share_twitterBtn@2x.png */ = {isa = PBXFileReference; lastKnownFileType = image.png; path = "share_twitterBtn@2x.png"; sourceTree = "<group>"; };
		8676143116A8E4B7001B7394 /* radioBtn-selected@2x.png */ = {isa = PBXFileReference; lastKnownFileType = image.png; path = "radioBtn-selected@2x.png"; sourceTree = "<group>"; };
		8676143216A8E4B7001B7394 /* radioBtn@2x.png */ = {isa = PBXFileReference; lastKnownFileType = image.png; path = "radioBtn@2x.png"; sourceTree = "<group>"; };
		8676143716A8E714001B7394 /* myuo_profile@2x.png */ = {isa = PBXFileReference; lastKnownFileType = image.png; path = "myuo_profile@2x.png"; sourceTree = "<group>"; };
		8676143A16A8E734001B7394 /* music_player@2x.png */ = {isa = PBXFileReference; lastKnownFileType = image.png; path = "music_player@2x.png"; sourceTree = "<group>"; };
		8676143C16A8EB90001B7394 /* myuo_status@2x.png */ = {isa = PBXFileReference; lastKnownFileType = image.png; path = "myuo_status@2x.png"; sourceTree = "<group>"; };
		8676143E16A8F474001B7394 /* store_locator@2x.png */ = {isa = PBXFileReference; lastKnownFileType = image.png; path = "store_locator@2x.png"; sourceTree = "<group>"; };
		D8D20549D61B4509B5F0B030 /* libPods.a */ = {isa = PBXFileReference; explicitFileType = archive.ar; includeInIndex = 0; path = libPods.a; sourceTree = BUILT_PRODUCTS_DIR; };
/* End PBXFileReference section */

/* Begin PBXFrameworksBuildPhase section */
		45BD977D166FE34C00C0695B /* Frameworks */ = {
			isa = PBXFrameworksBuildPhase;
			buildActionMask = 2147483647;
			files = (
				45CFFB1216ADE25D00D3170D /* Accounts.framework in Frameworks */,
				45CFFB0F16ADD82900D3170D /* Social.framework in Frameworks */,
				45C9867416B71066002ABA32 /* Twitter.framework in Frameworks */,
				45BD9785166FE34C00C0695B /* UIKit.framework in Frameworks */,
				45BD9787166FE34C00C0695B /* Foundation.framework in Frameworks */,
				45BD9789166FE34C00C0695B /* CoreGraphics.framework in Frameworks */,
				A5EA0CB68FAC415A9476ACC3 /* libPods.a in Frameworks */,
			);
			runOnlyForDeploymentPostprocessing = 0;
		};
/* End PBXFrameworksBuildPhase section */

/* Begin PBXGroup section */
		458B843C166FED0C00E63FD3 /* fonts */ = {
			isa = PBXGroup;
			children = (
				45B3A0BF16A45C9900BCAC35 /* Fipps-Regular.otf */,
				45B3A0C016A45C9900BCAC35 /* LoRes9OT-WideBoldAltOakland.ttf */,
				45B3A0C116A45C9900BCAC35 /* LoRes12OT-BoldAltOakland.ttf */,
				45B3A0C216A45C9900BCAC35 /* LoRes15OT-BoldAltOakland.ttf */,
				45B3A0C316A45C9900BCAC35 /* LoRes22OT-BoldOakland.ttf */,
				45B3A0C416A45C9900BCAC35 /* superscript.ttf */,
				458B843D166FED0C00E63FD3 /* Entypo-Social.otf */,
				458B843E166FED0C00E63FD3 /* Entypo.otf */,
			);
			path = fonts;
			sourceTree = "<group>";
		};
		458B846816713FF700E63FD3 /* imgs_temp */ = {
			isa = PBXGroup;
			children = (
				45B9768F16C16B3C0071540C /* badge_default@2x.png */,
				45B9768D16C169190071540C /* badge_checkin@2x.png */,
				45AF1CCC16BC106C008B0C38 /* badge_basicsprofile@2x.png */,
				45AF1CCD16BC106C008B0C38 /* badge_college@2x.png */,
				45AF1CCE16BC106C008B0C38 /* badge_download@2x.png */,
				45AF1CC816BBFCBF008B0C38 /* badge_facebook@2x.png */,
				45BD70EB16BB201F001C2C11 /* badge_twitter@2x.png */,
				45BD70DA16BAF2A9001C2C11 /* badge_543@2x.png */,
				45BD70DB16BAF2A9001C2C11 /* badge_alien@2x.png */,
				45BD70DC16BAF2A9001C2C11 /* badge_b14@2x.png */,
				45AF1CDA16BC152A008B0C38 /* badge_hotdog@2x.png */,
				45AF1CDC16BC152A008B0C38 /* badge_share@2x.png */,
				45BD70E016BAF2A9001C2C11 /* badge_profile@2x.png */,
				45BD70E116BAF2A9001C2C11 /* badge_skull@2x.png */,
				45AF1CD816BC1363008B0C38 /* badge_uocheckin.png */,
				45AF1CD616BC1306008B0C38 /* badge_uocheckin@2x.png */,
				45AF1CE016BC16E3008B0C38 /* badge_instagram.png */,
				45AF1CE116BC16E3008B0C38 /* badge_instagram@2x.png */,
			);
			path = imgs_temp;
			sourceTree = "<group>";
		};
		458B846B16713FF700E63FD3 /* imgs_ui */ = {
			isa = PBXGroup;
			children = (
				4566B74516BC6117005268B8 /* authBK@2x.png */,
				45B2AC9216BC5C26000A82BF /* splashBK@2x.png */,
				45CFFB5B16B2EE1C00D3170D /* share_facebookBtn@2x.png */,
				45CFFB5D16B2F3C200D3170D /* share_facebookBtn_selected@2x.png */,
				45CFFB5E16B2F3C200D3170D /* share_twitterBtn_selected@2x.png */,
				45CFFB5F16B2F3C200D3170D /* share_twitterBtn@2x.png */,
				45CFFB3816B1B98600D3170D /* arrow_right@2x.png */,
				45CFFB3616B1B2CE00D3170D /* foursquare@2x.png */,
				45CFFB2416AF227700D3170D /* myuoid_alien@2x.png */,
				45CFFB2516AF227700D3170D /* myuoid_hamburger@2x.png */,
				45CFFB2616AF227700D3170D /* myuoid_lips@2x.png */,
				45CFFB2716AF227700D3170D /* myuoid_skull@2x.png */,
				45CFFB0716ADCF7200D3170D /* switch-mask@2x.png */,
				45CFFB0816ADCF7200D3170D /* switch-overlay@2x.png */,
				45CFFB0916ADCF7200D3170D /* switch-thumb-highlight@2x.png */,
				45CFFB0216ADC93900D3170D /* switch-thumb@2x.png */,
				45CFFB0316ADC93900D3170D /* switch-track@2x.png */,
				45C6455C16A9C1BF00F15A95 /* dropDownBGResizable@2x.png */,
				450A647016A9BA33007FD8D0 /* check-in@2x.png */,
				450A647716A9BA67007FD8D0 /* qr_scanner@2x.png */,
				450A647B16A9BA83007FD8D0 /* uoleaders@2x.png */,
				450A647916A9BA78007FD8D0 /* to_do_list@2x.png */,
				450A647516A9BA5B007FD8D0 /* myuo_id@2x.png */,
				450A647316A9BA43007FD8D0 /* gift@2x.png */,
				8676143E16A8F474001B7394 /* store_locator@2x.png */,
				8676143A16A8E734001B7394 /* music_player@2x.png */,
				8676143C16A8EB90001B7394 /* myuo_status@2x.png */,
				8676143716A8E714001B7394 /* myuo_profile@2x.png */,
				4575ABC716A85059009A24B8 /* arrow@2x.png */,
				4575ABA016A763B6009A24B8 /* apartmentPromo@2x.png */,
				4575ABA116A763B6009A24B8 /* giftPromo@2x.png */,
				4575ABA216A763B6009A24B8 /* mensPromo@2x.png */,
				4575ABA316A763B6009A24B8 /* salePromo@2x.png */,
				4575ABA416A763B6009A24B8 /* womensPromo@2x.png */,
				4575AB9716A7543C009A24B8 /* cartBtn@2x.png */,
				45CD01FE16A74456002D69E1 /* apartment@2x.png */,
				45CD01FF16A74456002D69E1 /* mens@2x.png */,
				45CD020016A74456002D69E1 /* sale@2x.png */,
				45CD020116A74456002D69E1 /* womens@2x.png */,
				4586AC1416A607CB00CFF782 /* dropDownBG@2x.png */,
				4586AC1516A607CB00CFF782 /* friendsToggleBtn-selected@2x.png */,
				4586AC1616A607CB00CFF782 /* friendsToggleBtn@2x.png */,
				45B3A0F916A5B04B00BCAC35 /* challenge icons */,
				45B3A0CF16A477A200BCAC35 /* backBtn@2x.png */,
				45B3A0CD16A46F8300BCAC35 /* refreshBtn@2x.png */,
				45B3A0CB16A4690200BCAC35 /* menuBtn@2x.png */,
				45C5AEED16B9A9A700646BE6 /* SplashBackground@2x.png */,
				4575ABB816A844F2009A24B8 /* StatusBackground@2x.png */,
				4575ABBB16A844F2009A24B8 /* CollegeBackground@2x.png */,
				45C5AEEF16B9A9E300646BE6 /* Background1@2x.png */,
				4575ABB916A844F2009A24B8 /* Background2@2x.png */,
				4575ABBA16A844F2009A24B8 /* Background3@2x.png */,
				4575ABBD16A844F2009A24B8 /* Background4@2x.png */,
				8676143116A8E4B7001B7394 /* radioBtn-selected@2x.png */,
				8676143216A8E4B7001B7394 /* radioBtn@2x.png */,
				45B3A0BD16A45B0700BCAC35 /* navBarBackground@2x.png */,
				45B3A0ED16A4B48E00BCAC35 /* availableBtn-selected@2x.png */,
				45B3A0EE16A4B48E00BCAC35 /* availableBtn@2x.png */,
				45B3A0EF16A4B48E00BCAC35 /* completedBtn-selected@2x.png */,
				45B3A0F016A4B48E00BCAC35 /* completedBtn@2x.png */,
				45B3A0F116A4B48E00BCAC35 /* currentBtn-selected@2x.png */,
				45B3A0F216A4B48E00BCAC35 /* currentBtn@2x.png */,
				4511800C169CC31600448715 /* cancelBtn.png */,
				4511800D169CC31600448715 /* cancelBtn@2x.png */,
				4511800E169CC31600448715 /* selectBtn.png */,
				4511800F169CC31600448715 /* selectBtn@2x.png */,
				45117FB116977F7D00448715 /* profileHolderImg.png */,
				45117FB216977F7D00448715 /* profileHolderImg@2x.png */,
				4581BBE416769046006E185F /* menu_cell_bg.png */,
				4581BBE61676904E006E185F /* menu_cell_bg@2x.png */,
				458B846C16713FF700E63FD3 /* profile_img_none.png */,
				458B846D16713FF700E63FD3 /* profile_img_none@2x.png */,
			);
			path = imgs_ui;
			sourceTree = "<group>";
		};
		45B3A0F916A5B04B00BCAC35 /* challenge icons */ = {
			isa = PBXGroup;
			children = (
				45B3A10816A5F71D00BCAC35 /* instagram@2x.png */,
				45B3A0FA16A5B04B00BCAC35 /* checkin@2x.png */,
				45B3A0FB16A5B04B00BCAC35 /* facebook@2x.png */,
				45B3A0FC16A5B04B00BCAC35 /* heart@2x.png */,
				45B3A0FD16A5B04B00BCAC35 /* music@2x.png */,
				45B3A0FE16A5B04B00BCAC35 /* profile@2x.png */,
				45B3A0FF16A5B04B00BCAC35 /* review@2x.png */,
				45B3A10016A5B04B00BCAC35 /* twitter@2x.png */,
			);
			path = "challenge icons";
			sourceTree = "<group>";
		};
		45BD9775166FE34C00C0695B = {
			isa = PBXGroup;
			children = (
				45BD978A166FE34C00C0695B /* LoyaltyPrototype */,
				45BD9783166FE34C00C0695B /* Frameworks */,
				45BD9781166FE34C00C0695B /* Products */,
				0DD7CD31E2064E308DDFEE19 /* Pods.xcconfig */,
			);
			sourceTree = "<group>";
		};
		45BD9781166FE34C00C0695B /* Products */ = {
			isa = PBXGroup;
			children = (
				45BD9780166FE34C00C0695B /* LoyaltyPrototype.app */,
			);
			name = Products;
			sourceTree = "<group>";
		};
		45BD9783166FE34C00C0695B /* Frameworks */ = {
			isa = PBXGroup;
			children = (
				45C9867216B71042002ABA32 /* Twitter.framework */,
				45CFFB1016ADE24C00D3170D /* Accounts.framework */,
				45CFFB0D16ADD78200D3170D /* Social.framework */,
				45BD9784166FE34C00C0695B /* UIKit.framework */,
				45BD9786166FE34C00C0695B /* Foundation.framework */,
				45BD9788166FE34C00C0695B /* CoreGraphics.framework */,
				D8D20549D61B4509B5F0B030 /* libPods.a */,
			);
			name = Frameworks;
			sourceTree = "<group>";
		};
		45BD978A166FE34C00C0695B /* LoyaltyPrototype */ = {
			isa = PBXGroup;
			children = (
				45BD9793166FE34C00C0695B /* AppDelegate.h */,
				45BD9794166FE34C00C0695B /* AppDelegate.m */,
				458B844F1671024500E63FD3 /* UIColor+ColorConstants.h */,
				458B84501671024500E63FD3 /* UIColor+ColorConstants.m */,
				454FDFEC16A455370032E8EC /* UIFont+UrbanAdditions.h */,
				454FDFED16A455370032E8EC /* UIFont+UrbanAdditions.m */,
				4511802C169E1F3D00448715 /* UserData.h */,
				4511802D169E1F3D00448715 /* UserData.m */,
				4581BC11167B81F5006E185F /* ChallengeData.h */,
				4581BC12167B81F5006E185F /* ChallengeData.m */,
				45118029169E184E00448715 /* NavBarItemsViewController.h */,
				4511802A169E184E00448715 /* NavBarItemsViewController.m */,
				45B3A0DF16A47EE800BCAC35 /* BackgroundView.h */,
				45B3A0E016A47EE800BCAC35 /* BackgroundView.m */,
				45BD979C166FE34C00C0695B /* ViewController.h */,
				45BD979D166FE34C00C0695B /* ViewController.m */,
				458B8442166FEF2600E63FD3 /* MenuViewController.h */,
				458B8443166FEF2600E63FD3 /* MenuViewController.m */,
				45C9867816B86AD2002ABA32 /* SignInViewController.h */,
				45C9867916B86AD3002ABA32 /* SignInViewController.m */,
				45C5AEEA16B9762000646BE6 /* AuthenticateViewController.h */,
				45C5AEEB16B9762000646BE6 /* AuthenticateViewController.m */,
				4575AB9016A74CD7009A24B8 /* ShopPageViewController.h */,
				4575AB9116A74CD7009A24B8 /* ShopPageViewController.m */,
				45CFFB3316B089FD00D3170D /* CheckInViewController.h */,
				45CFFB3416B089FD00D3170D /* CheckInViewController.m */,
				45CFFB5716B1DA8400D3170D /* VenueListViewController.h */,
				45CFFB5816B1DA8400D3170D /* VenueListViewController.m */,
				458B844C1671010400E63FD3 /* StatusViewController.h */,
				458B844D1671010400E63FD3 /* StatusViewController.m */,
				4575ABB116A83649009A24B8 /* ProfileViewController.h */,
				4575ABB216A83649009A24B8 /* ProfileViewController.m */,
				4575ABC916A89A0F009A24B8 /* ProfileGraduateViewController.h */,
				4575ABCA16A89A0F009A24B8 /* ProfileGraduateViewController.m */,
				45CFFAE616AD94EF00D3170D /* ProfileShareViewController.h */,
				45CFFAE716AD94EF00D3170D /* ProfileShareViewController.m */,
				45CFFB1916AF1F3000D3170D /* IDViewController.h */,
				45CFFB1A16AF1F3000D3170D /* IDViewController.m */,
				4581BBFA1678DCD4006E185F /* ChallengesViewController.h */,
				4581BBFB1678DCD4006E185F /* ChallengesViewController.m */,
				45117F8F16948BCD00448715 /* ChallengeDetailViewController.h */,
				45117F9016948BCD00448715 /* ChallengeDetailViewController.m */,
				458E2553168E123D008E3196 /* LeaderboardViewController.h */,
				458E2554168E123D008E3196 /* LeaderboardViewController.m */,
				45BD978B166FE34C00C0695B /* Supporting Files */,
			);
			path = LoyaltyPrototype;
			sourceTree = "<group>";
		};
		45BD978B166FE34C00C0695B /* Supporting Files */ = {
			isa = PBXGroup;
			children = (
				4586AC1A16A6081300CFF782 /* Icon.png */,
				4586AC1C16A6082500CFF782 /* Icon@2x.png */,
				454FDFF116A455660032E8EC /* Icon-Small@2x.png */,
				454FDFF216A455660032E8EC /* Icon-Small.png */,
				458B843C166FED0C00E63FD3 /* fonts */,
				45BD978C166FE34C00C0695B /* LoyaltyPrototype-Info.plist */,
				45BD978D166FE34C00C0695B /* InfoPlist.strings */,
				45BD9790166FE34C00C0695B /* main.m */,
				45BD9792166FE34C00C0695B /* LoyaltyPrototype-Prefix.pch */,
				45BD9796166FE34C00C0695B /* Default.png */,
				45BD9798166FE34C00C0695B /* Default@2x.png */,
				45BD979A166FE34C00C0695B /* Default-568h@2x.png */,
				4581BC08167A3A70006E185F /* Challenges.plist */,
				458B846816713FF700E63FD3 /* imgs_temp */,
				458B846B16713FF700E63FD3 /* imgs_ui */,
			);
			name = "Supporting Files";
			sourceTree = "<group>";
		};
/* End PBXGroup section */

/* Begin PBXNativeTarget section */
		45BD977F166FE34C00C0695B /* LoyaltyPrototype */ = {
			isa = PBXNativeTarget;
			buildConfigurationList = 45BD97A7166FE34C00C0695B /* Build configuration list for PBXNativeTarget "LoyaltyPrototype" */;
			buildPhases = (
				45BD977C166FE34C00C0695B /* Sources */,
				45BD977D166FE34C00C0695B /* Frameworks */,
				45BD977E166FE34C00C0695B /* Resources */,
				8AC050C6C99A4C7680C75E4F /* Copy Pods Resources */,
			);
			buildRules = (
			);
			dependencies = (
			);
			name = LoyaltyPrototype;
			productName = LoyaltyPrototype;
			productReference = 45BD9780166FE34C00C0695B /* LoyaltyPrototype.app */;
			productType = "com.apple.product-type.application";
		};
/* End PBXNativeTarget section */

/* Begin PBXProject section */
		45BD9777166FE34C00C0695B /* Project object */ = {
			isa = PBXProject;
			attributes = {
				LastUpgradeCheck = 0450;
				ORGANIZATIONNAME = URBN;
			};
			buildConfigurationList = 45BD977A166FE34C00C0695B /* Build configuration list for PBXProject "LoyaltyPrototype" */;
			compatibilityVersion = "Xcode 3.2";
			developmentRegion = English;
			hasScannedForEncodings = 0;
			knownRegions = (
				en,
			);
			mainGroup = 45BD9775166FE34C00C0695B;
			productRefGroup = 45BD9781166FE34C00C0695B /* Products */;
			projectDirPath = "";
			projectRoot = "";
			targets = (
				45BD977F166FE34C00C0695B /* LoyaltyPrototype */,
			);
		};
/* End PBXProject section */

/* Begin PBXResourcesBuildPhase section */
		45BD977E166FE34C00C0695B /* Resources */ = {
			isa = PBXResourcesBuildPhase;
			buildActionMask = 2147483647;
			files = (
				45BD978F166FE34C00C0695B /* InfoPlist.strings in Resources */,
				45BD9797166FE34C00C0695B /* Default.png in Resources */,
				45BD9799166FE34C00C0695B /* Default@2x.png in Resources */,
				45BD979B166FE34C00C0695B /* Default-568h@2x.png in Resources */,
				458B843F166FED0C00E63FD3 /* Entypo-Social.otf in Resources */,
				458B8440166FED0C00E63FD3 /* Entypo.otf in Resources */,
				458B847016713FF700E63FD3 /* profile_img_none.png in Resources */,
				458B847116713FF700E63FD3 /* profile_img_none@2x.png in Resources */,
				4581BBE516769046006E185F /* menu_cell_bg.png in Resources */,
				4581BBE71676904E006E185F /* menu_cell_bg@2x.png in Resources */,
				4581BC09167A3A70006E185F /* Challenges.plist in Resources */,
				45117FB316977F7D00448715 /* profileHolderImg.png in Resources */,
				45117FB416977F7D00448715 /* profileHolderImg@2x.png in Resources */,
				45118010169CC31600448715 /* cancelBtn.png in Resources */,
				45118011169CC31600448715 /* cancelBtn@2x.png in Resources */,
				45118012169CC31600448715 /* selectBtn.png in Resources */,
				45118013169CC31600448715 /* selectBtn@2x.png in Resources */,
				454FDFF516A455660032E8EC /* Icon-Small@2x.png in Resources */,
				454FDFF616A455660032E8EC /* Icon-Small.png in Resources */,
				45B3A0BE16A45B0700BCAC35 /* navBarBackground@2x.png in Resources */,
				45B3A0C516A45C9900BCAC35 /* Fipps-Regular.otf in Resources */,
				45B3A0C616A45C9900BCAC35 /* LoRes9OT-WideBoldAltOakland.ttf in Resources */,
				45B3A0C716A45C9900BCAC35 /* LoRes12OT-BoldAltOakland.ttf in Resources */,
				45B3A0C816A45C9900BCAC35 /* LoRes15OT-BoldAltOakland.ttf in Resources */,
				45B3A0C916A45C9900BCAC35 /* LoRes22OT-BoldOakland.ttf in Resources */,
				45B3A0CA16A45C9900BCAC35 /* superscript.ttf in Resources */,
				45B3A0CC16A4690200BCAC35 /* menuBtn@2x.png in Resources */,
				45B3A0CE16A46F8300BCAC35 /* refreshBtn@2x.png in Resources */,
				45B3A0D016A477A200BCAC35 /* backBtn@2x.png in Resources */,
				45B3A0F316A4B48F00BCAC35 /* availableBtn-selected@2x.png in Resources */,
				45B3A0F416A4B48F00BCAC35 /* availableBtn@2x.png in Resources */,
				45B3A0F516A4B48F00BCAC35 /* completedBtn-selected@2x.png in Resources */,
				45B3A0F616A4B48F00BCAC35 /* completedBtn@2x.png in Resources */,
				45B3A0F716A4B48F00BCAC35 /* currentBtn-selected@2x.png in Resources */,
				45B3A0F816A4B48F00BCAC35 /* currentBtn@2x.png in Resources */,
				45B3A10116A5B04B00BCAC35 /* checkin@2x.png in Resources */,
				45B3A10216A5B04B00BCAC35 /* facebook@2x.png in Resources */,
				45B3A10316A5B04B00BCAC35 /* heart@2x.png in Resources */,
				45B3A10416A5B04B00BCAC35 /* music@2x.png in Resources */,
				45B3A10516A5B04B00BCAC35 /* profile@2x.png in Resources */,
				45B3A10616A5B04B00BCAC35 /* review@2x.png in Resources */,
				45B3A10716A5B04B00BCAC35 /* twitter@2x.png in Resources */,
				45B3A10916A5F71D00BCAC35 /* instagram@2x.png in Resources */,
				4586AC1716A607CB00CFF782 /* dropDownBG@2x.png in Resources */,
				4586AC1816A607CB00CFF782 /* friendsToggleBtn-selected@2x.png in Resources */,
				4586AC1916A607CB00CFF782 /* friendsToggleBtn@2x.png in Resources */,
				4586AC1B16A6081300CFF782 /* Icon.png in Resources */,
				4586AC1D16A6082500CFF782 /* Icon@2x.png in Resources */,
				45CD020216A74456002D69E1 /* apartment@2x.png in Resources */,
				45CD020316A74456002D69E1 /* mens@2x.png in Resources */,
				45CD020416A74456002D69E1 /* sale@2x.png in Resources */,
				45CD020516A74456002D69E1 /* womens@2x.png in Resources */,
				4575AB9816A7543C009A24B8 /* cartBtn@2x.png in Resources */,
				4575ABA516A763B6009A24B8 /* apartmentPromo@2x.png in Resources */,
				4575ABA616A763B6009A24B8 /* giftPromo@2x.png in Resources */,
				4575ABA716A763B6009A24B8 /* mensPromo@2x.png in Resources */,
				4575ABA816A763B6009A24B8 /* salePromo@2x.png in Resources */,
				4575ABA916A763B6009A24B8 /* womensPromo@2x.png in Resources */,
				4575ABC016A844F2009A24B8 /* StatusBackground@2x.png in Resources */,
				4575ABC116A844F2009A24B8 /* Background2@2x.png in Resources */,
				4575ABC216A844F2009A24B8 /* Background3@2x.png in Resources */,
				4575ABC316A844F2009A24B8 /* CollegeBackground@2x.png in Resources */,
				4575ABC516A844F2009A24B8 /* Background4@2x.png in Resources */,
				4575ABC816A85059009A24B8 /* arrow@2x.png in Resources */,
				8676143316A8E4B7001B7394 /* radioBtn-selected@2x.png in Resources */,
				8676143416A8E4B7001B7394 /* radioBtn@2x.png in Resources */,
				8676143916A8E714001B7394 /* myuo_profile@2x.png in Resources */,
				8676143B16A8E734001B7394 /* music_player@2x.png in Resources */,
				8676143D16A8EB90001B7394 /* myuo_status@2x.png in Resources */,
				8676143F16A8F474001B7394 /* store_locator@2x.png in Resources */,
				450A647116A9BA33007FD8D0 /* check-in@2x.png in Resources */,
				450A647416A9BA43007FD8D0 /* gift@2x.png in Resources */,
				450A647616A9BA5B007FD8D0 /* myuo_id@2x.png in Resources */,
				450A647816A9BA67007FD8D0 /* qr_scanner@2x.png in Resources */,
				450A647A16A9BA78007FD8D0 /* to_do_list@2x.png in Resources */,
				450A647C16A9BA83007FD8D0 /* uoleaders@2x.png in Resources */,
				45C6455D16A9C1BF00F15A95 /* dropDownBGResizable@2x.png in Resources */,
				45CFFB0416ADC93900D3170D /* switch-thumb@2x.png in Resources */,
				45CFFB0516ADC93900D3170D /* switch-track@2x.png in Resources */,
				45CFFB0A16ADCF7200D3170D /* switch-mask@2x.png in Resources */,
				45CFFB0B16ADCF7200D3170D /* switch-overlay@2x.png in Resources */,
				45CFFB0C16ADCF7200D3170D /* switch-thumb-highlight@2x.png in Resources */,
				45CFFB2816AF227700D3170D /* myuoid_alien@2x.png in Resources */,
				45CFFB2916AF227700D3170D /* myuoid_hamburger@2x.png in Resources */,
				45CFFB2A16AF227700D3170D /* myuoid_lips@2x.png in Resources */,
				45CFFB2B16AF227700D3170D /* myuoid_skull@2x.png in Resources */,
				45CFFB3716B1B2CE00D3170D /* foursquare@2x.png in Resources */,
				45CFFB3916B1B98600D3170D /* arrow_right@2x.png in Resources */,
				45CFFB5C16B2EE1C00D3170D /* share_facebookBtn@2x.png in Resources */,
				45CFFB6016B2F3C200D3170D /* share_facebookBtn_selected@2x.png in Resources */,
				45CFFB6116B2F3C200D3170D /* share_twitterBtn_selected@2x.png in Resources */,
				45CFFB6216B2F3C200D3170D /* share_twitterBtn@2x.png in Resources */,
				45C5AEEE16B9A9A700646BE6 /* SplashBackground@2x.png in Resources */,
				45C5AEF016B9A9E300646BE6 /* Background1@2x.png in Resources */,
				45BD70E216BAF2A9001C2C11 /* badge_543@2x.png in Resources */,
				45BD70E316BAF2A9001C2C11 /* badge_alien@2x.png in Resources */,
				45BD70E416BAF2A9001C2C11 /* badge_b14@2x.png in Resources */,
				45BD70E816BAF2A9001C2C11 /* badge_profile@2x.png in Resources */,
				45BD70E916BAF2A9001C2C11 /* badge_skull@2x.png in Resources */,
				45BD70ED16BB201F001C2C11 /* badge_twitter@2x.png in Resources */,
				45AF1CCA16BBFCBF008B0C38 /* badge_facebook@2x.png in Resources */,
				45AF1CD016BC106C008B0C38 /* badge_basicsprofile@2x.png in Resources */,
				45AF1CD116BC106C008B0C38 /* badge_college@2x.png in Resources */,
				45AF1CD216BC106C008B0C38 /* badge_download@2x.png in Resources */,
				45AF1CD716BC1306008B0C38 /* badge_uocheckin@2x.png in Resources */,
				45AF1CD916BC1363008B0C38 /* badge_uocheckin.png in Resources */,
				45AF1CDD16BC152A008B0C38 /* badge_hotdog@2x.png in Resources */,
				45AF1CDF16BC152A008B0C38 /* badge_share@2x.png in Resources */,
				45AF1CE216BC16E3008B0C38 /* badge_instagram.png in Resources */,
				45AF1CE316BC16E3008B0C38 /* badge_instagram@2x.png in Resources */,
				45B2AC9316BC5C26000A82BF /* splashBK@2x.png in Resources */,
				4566B74616BC6117005268B8 /* authBK@2x.png in Resources */,
				45B9768E16C169190071540C /* badge_checkin@2x.png in Resources */,
				45B9769016C16B3C0071540C /* badge_default@2x.png in Resources */,
			);
			runOnlyForDeploymentPostprocessing = 0;
		};
/* End PBXResourcesBuildPhase section */

/* Begin PBXShellScriptBuildPhase section */
		8AC050C6C99A4C7680C75E4F /* Copy Pods Resources */ = {
			isa = PBXShellScriptBuildPhase;
			buildActionMask = 2147483647;
			files = (
			);
			inputPaths = (
			);
			name = "Copy Pods Resources";
			outputPaths = (
			);
			runOnlyForDeploymentPostprocessing = 0;
			shellPath = /bin/sh;
			shellScript = "\"${SRCROOT}/Pods/Pods-resources.sh\"\n";
		};
/* End PBXShellScriptBuildPhase section */

/* Begin PBXSourcesBuildPhase section */
		45BD977C166FE34C00C0695B /* Sources */ = {
			isa = PBXSourcesBuildPhase;
			buildActionMask = 2147483647;
			files = (
				45BD9791166FE34C00C0695B /* main.m in Sources */,
				45BD9795166FE34C00C0695B /* AppDelegate.m in Sources */,
				45BD979E166FE34C00C0695B /* ViewController.m in Sources */,
				458B8444166FEF2600E63FD3 /* MenuViewController.m in Sources */,
				458B844E1671010400E63FD3 /* StatusViewController.m in Sources */,
				458B84511671024500E63FD3 /* UIColor+ColorConstants.m in Sources */,
				4581BBFC1678DCD4006E185F /* ChallengesViewController.m in Sources */,
				4581BC13167B81F5006E185F /* ChallengeData.m in Sources */,
				458E2555168E123D008E3196 /* LeaderboardViewController.m in Sources */,
				45117F9116948BCD00448715 /* ChallengeDetailViewController.m in Sources */,
				4511802B169E184E00448715 /* NavBarItemsViewController.m in Sources */,
				4511802E169E1F3D00448715 /* UserData.m in Sources */,
				454FDFEE16A455370032E8EC /* UIFont+UrbanAdditions.m in Sources */,
				45B3A0E116A47EE800BCAC35 /* BackgroundView.m in Sources */,
				4575AB9216A74CD7009A24B8 /* ShopPageViewController.m in Sources */,
				4575ABB316A83649009A24B8 /* ProfileViewController.m in Sources */,
				4575ABCB16A89A0F009A24B8 /* ProfileGraduateViewController.m in Sources */,
				45CFFAE816AD94EF00D3170D /* ProfileShareViewController.m in Sources */,
				45CFFB1B16AF1F3100D3170D /* IDViewController.m in Sources */,
				45CFFB3516B089FE00D3170D /* CheckInViewController.m in Sources */,
				45CFFB5916B1DA8400D3170D /* VenueListViewController.m in Sources */,
				45C9867A16B86AD3002ABA32 /* SignInViewController.m in Sources */,
				45C5AEEC16B9762000646BE6 /* AuthenticateViewController.m in Sources */,
			);
			runOnlyForDeploymentPostprocessing = 0;
		};
/* End PBXSourcesBuildPhase section */

/* Begin PBXVariantGroup section */
		45BD978D166FE34C00C0695B /* InfoPlist.strings */ = {
			isa = PBXVariantGroup;
			children = (
				45BD978E166FE34C00C0695B /* en */,
			);
			name = InfoPlist.strings;
			sourceTree = "<group>";
		};
/* End PBXVariantGroup section */

/* Begin XCBuildConfiguration section */
		45BD97A5166FE34C00C0695B /* Debug */ = {
			isa = XCBuildConfiguration;
			buildSettings = {
				ALWAYS_SEARCH_USER_PATHS = NO;
				CLANG_CXX_LANGUAGE_STANDARD = "gnu++0x";
				CLANG_CXX_LIBRARY = "libc++";
				CLANG_ENABLE_OBJC_ARC = YES;
				CLANG_WARN_EMPTY_BODY = YES;
				CLANG_WARN__DUPLICATE_METHOD_MATCH = YES;
				CODE_SIGN_IDENTITY = "iPhone Distribution: urban outfitters";
				"CODE_SIGN_IDENTITY[sdk=iphoneos*]" = "iPhone Distribution: urban outfitters";
				COPY_PHASE_STRIP = NO;
				GCC_C_LANGUAGE_STANDARD = gnu99;
				GCC_DYNAMIC_NO_PIC = NO;
				GCC_OPTIMIZATION_LEVEL = 0;
				GCC_PREPROCESSOR_DEFINITIONS = (
					"DEBUG=1",
					"$(inherited)",
				);
				GCC_SYMBOLS_PRIVATE_EXTERN = NO;
				GCC_WARN_ABOUT_RETURN_TYPE = YES;
				GCC_WARN_UNINITIALIZED_AUTOS = YES;
				GCC_WARN_UNUSED_VARIABLE = YES;
				IPHONEOS_DEPLOYMENT_TARGET = 6.0;
				ONLY_ACTIVE_ARCH = YES;
				PROVISIONING_PROFILE = "70358004-D2B5-4B81-A7FD-6228462D33B5";
				"PROVISIONING_PROFILE[sdk=iphoneos*]" = "70358004-D2B5-4B81-A7FD-6228462D33B5";
				SDKROOT = iphoneos;
				TARGETED_DEVICE_FAMILY = "1,2";
			};
			name = Debug;
		};
		45BD97A6166FE34C00C0695B /* Release */ = {
			isa = XCBuildConfiguration;
			buildSettings = {
				ALWAYS_SEARCH_USER_PATHS = NO;
				CLANG_CXX_LANGUAGE_STANDARD = "gnu++0x";
				CLANG_CXX_LIBRARY = "libc++";
				CLANG_ENABLE_OBJC_ARC = YES;
				CLANG_WARN_EMPTY_BODY = YES;
				CLANG_WARN__DUPLICATE_METHOD_MATCH = YES;
				CODE_SIGN_IDENTITY = "iPhone Distribution: urban outfitters";
				"CODE_SIGN_IDENTITY[sdk=iphoneos*]" = "iPhone Distribution: urban outfitters";
				COPY_PHASE_STRIP = YES;
				GCC_C_LANGUAGE_STANDARD = gnu99;
				GCC_WARN_ABOUT_RETURN_TYPE = YES;
				GCC_WARN_UNINITIALIZED_AUTOS = YES;
				GCC_WARN_UNUSED_VARIABLE = YES;
				IPHONEOS_DEPLOYMENT_TARGET = 6.0;
				OTHER_CFLAGS = "-DNS_BLOCK_ASSERTIONS=1";
				PROVISIONING_PROFILE = "70358004-D2B5-4B81-A7FD-6228462D33B5";
				"PROVISIONING_PROFILE[sdk=iphoneos*]" = "70358004-D2B5-4B81-A7FD-6228462D33B5";
				SDKROOT = iphoneos;
				TARGETED_DEVICE_FAMILY = "1,2";
				VALIDATE_PRODUCT = YES;
			};
			name = Release;
		};
		45BD97A8166FE34C00C0695B /* Debug */ = {
			isa = XCBuildConfiguration;
			baseConfigurationReference = 0DD7CD31E2064E308DDFEE19 /* Pods.xcconfig */;
			buildSettings = {
				CODE_SIGN_IDENTITY = "iPhone Distribution: urban outfitters";
				"CODE_SIGN_IDENTITY[sdk=iphoneos*]" = "iPhone Distribution: urban outfitters";
				GCC_PRECOMPILE_PREFIX_HEADER = YES;
				GCC_PREFIX_HEADER = "LoyaltyPrototype/LoyaltyPrototype-Prefix.pch";
				INFOPLIST_FILE = "LoyaltyPrototype/LoyaltyPrototype-Info.plist";
				IPHONEOS_DEPLOYMENT_TARGET = 6.0;
				PRODUCT_NAME = "$(TARGET_NAME)";
				PROVISIONING_PROFILE = "70358004-D2B5-4B81-A7FD-6228462D33B5";
				"PROVISIONING_PROFILE[sdk=iphoneos*]" = "70358004-D2B5-4B81-A7FD-6228462D33B5";
				WRAPPER_EXTENSION = app;
			};
			name = Debug;
		};
		45BD97A9166FE34C00C0695B /* Release */ = {
			isa = XCBuildConfiguration;
			baseConfigurationReference = 0DD7CD31E2064E308DDFEE19 /* Pods.xcconfig */;
			buildSettings = {
				CODE_SIGN_IDENTITY = "iPhone Distribution: urban outfitters";
				GCC_PRECOMPILE_PREFIX_HEADER = YES;
				GCC_PREFIX_HEADER = "LoyaltyPrototype/LoyaltyPrototype-Prefix.pch";
				INFOPLIST_FILE = "LoyaltyPrototype/LoyaltyPrototype-Info.plist";
				IPHONEOS_DEPLOYMENT_TARGET = 6.0;
				PRODUCT_NAME = "$(TARGET_NAME)";
				PROVISIONING_PROFILE = "70358004-D2B5-4B81-A7FD-6228462D33B5";
				WRAPPER_EXTENSION = app;
			};
			name = Release;
		};
/* End XCBuildConfiguration section */

/* Begin XCConfigurationList section */
		45BD977A166FE34C00C0695B /* Build configuration list for PBXProject "LoyaltyPrototype" */ = {
			isa = XCConfigurationList;
			buildConfigurations = (
				45BD97A5166FE34C00C0695B /* Debug */,
				45BD97A6166FE34C00C0695B /* Release */,
			);
			defaultConfigurationIsVisible = 0;
			defaultConfigurationName = Release;
		};
		45BD97A7166FE34C00C0695B /* Build configuration list for PBXNativeTarget "LoyaltyPrototype" */ = {
			isa = XCConfigurationList;
			buildConfigurations = (
				45BD97A8166FE34C00C0695B /* Debug */,
				45BD97A9166FE34C00C0695B /* Release */,
			);
			defaultConfigurationIsVisible = 0;
			defaultConfigurationName = Release;
		};
/* End XCConfigurationList section */
	};
	rootObject = 45BD9777166FE34C00C0695B /* Project object */;
}
